// !$*UTF8*$!
{
	archiveVersion = 1;
	classes = {
	};
	objectVersion = 46;
	objects = {

/* Begin PBXBuildFile section */
		14A0D3D02180EA6A00B20FAE /* SwiftyOSX.h in Headers */ = {isa = PBXBuildFile; fileRef = 14A0D3CE2180EA6A00B20FAE /* SwiftyOSX.h */; settings = {ATTRIBUTES = (Public, ); }; };
		14A0D3F52180EEF800B20FAE /* SwiftyIOS.h in Headers */ = {isa = PBXBuildFile; fileRef = 14A0D3F32180EEF800B20FAE /* SwiftyIOS.h */; settings = {ATTRIBUTES = (Public, ); }; };
		181252472191F18B0064222F /* TestCollectionCell.swift in Sources */ = {isa = PBXBuildFile; fileRef = 180138C1211C44FC005E73E9 /* TestCollectionCell.swift */; };
		181252482191F1930064222F /* TestCollectionCell.xib in Resources */ = {isa = PBXBuildFile; fileRef = 180138C2211C44FC005E73E9 /* TestCollectionCell.xib */; };
		181252492191F1960064222F /* TestCollectionAnotherCell.xib in Resources */ = {isa = PBXBuildFile; fileRef = 180138C6211C463E005E73E9 /* TestCollectionAnotherCell.xib */; };
		18734A852191EEB30055B2FF /* TestTableCell.swift in Sources */ = {isa = PBXBuildFile; fileRef = 147CEE942072C8AD00CD6D2D /* TestTableCell.swift */; };
		18734A862191EEC50055B2FF /* TestTableCell.xib in Resources */ = {isa = PBXBuildFile; fileRef = 147CEE922072C88900CD6D2D /* TestTableCell.xib */; };
		18734A872191EEC80055B2FF /* TestTableAnotherCell.xib in Resources */ = {isa = PBXBuildFile; fileRef = 14276D632072D4EC00952C27 /* TestTableAnotherCell.xib */; };
		1879C4EC2191C83E0013EF2F /* UIGradientView.swift in Sources */ = {isa = PBXBuildFile; fileRef = 1879C4A52191C83E0013EF2F /* UIGradientView.swift */; };
		1879C4ED2191C83E0013EF2F /* UIView.swift in Sources */ = {isa = PBXBuildFile; fileRef = 1879C4A72191C83E0013EF2F /* UIView.swift */; };
		1879C4EE2191C83E0013EF2F /* BlurView.swift in Sources */ = {isa = PBXBuildFile; fileRef = 1879C4A82191C83E0013EF2F /* BlurView.swift */; };
		1879C4EF2191C83E0013EF2F /* UIColor.swift in Sources */ = {isa = PBXBuildFile; fileRef = 1879C4A92191C83E0013EF2F /* UIColor.swift */; };
		1879C4F02191C83E0013EF2F /* UICollectionView.swift in Sources */ = {isa = PBXBuildFile; fileRef = 1879C4AA2191C83E0013EF2F /* UICollectionView.swift */; };
		1879C4F12191C83E0013EF2F /* UITextField.swift in Sources */ = {isa = PBXBuildFile; fileRef = 1879C4AB2191C83E0013EF2F /* UITextField.swift */; };
		1879C4F22191C83E0013EF2F /* UIImage.swift in Sources */ = {isa = PBXBuildFile; fileRef = 1879C4AC2191C83E0013EF2F /* UIImage.swift */; };
		1879C4F32191C83E0013EF2F /* UIViewController.swift in Sources */ = {isa = PBXBuildFile; fileRef = 1879C4AD2191C83E0013EF2F /* UIViewController.swift */; };
		1879C4F42191C83E0013EF2F /* UIAlertController.swift in Sources */ = {isa = PBXBuildFile; fileRef = 1879C4AE2191C83E0013EF2F /* UIAlertController.swift */; };
		1879C4F52191C83E0013EF2F /* BatchSizable.swift in Sources */ = {isa = PBXBuildFile; fileRef = 1879C4B02191C83E0013EF2F /* BatchSizable.swift */; };
		1879C4F62191C83E0013EF2F /* Primitives.swift in Sources */ = {isa = PBXBuildFile; fileRef = 1879C4B12191C83E0013EF2F /* Primitives.swift */; };
		1879C4F72191C83E0013EF2F /* MediaPicker.swift in Sources */ = {isa = PBXBuildFile; fileRef = 1879C4B32191C83E0013EF2F /* MediaPicker.swift */; };
		1879C4F82191C83E0013EF2F /* MediaPickerDelegate.swift in Sources */ = {isa = PBXBuildFile; fileRef = 1879C4B42191C83E0013EF2F /* MediaPickerDelegate.swift */; };
		1879C4F92191C83E0013EF2F /* FRCTableController.swift in Sources */ = {isa = PBXBuildFile; fileRef = 1879C4B62191C83E0013EF2F /* FRCTableController.swift */; };
		1879C4FA2191C83E0013EF2F /* ListController.swift in Sources */ = {isa = PBXBuildFile; fileRef = 1879C4B82191C83E0013EF2F /* ListController.swift */; };
		1879C4FB2191C83E0013EF2F /* ListPage.swift in Sources */ = {isa = PBXBuildFile; fileRef = 1879C4B92191C83E0013EF2F /* ListPage.swift */; };
		1879C4FC2191C83E0013EF2F /* ListObject.swift in Sources */ = {isa = PBXBuildFile; fileRef = 1879C4BA2191C83E0013EF2F /* ListObject.swift */; };
		1879C4FD2191C83E0013EF2F /* ListViewType.swift in Sources */ = {isa = PBXBuildFile; fileRef = 1879C4BB2191C83E0013EF2F /* ListViewType.swift */; };
		1879C4FE2191C83E0013EF2F /* ListViewState.swift in Sources */ = {isa = PBXBuildFile; fileRef = 1879C4BC2191C83E0013EF2F /* ListViewState.swift */; };
		1879C4FF2191C83E0013EF2F /* CollectionController.swift in Sources */ = {isa = PBXBuildFile; fileRef = 1879C4BD2191C83E0013EF2F /* CollectionController.swift */; };
		1879C5002191C83E0013EF2F /* TableController.swift in Sources */ = {isa = PBXBuildFile; fileRef = 1879C4BE2191C83E0013EF2F /* TableController.swift */; };
		1879C5012191C83E0013EF2F /* FRCCollectionController.swift in Sources */ = {isa = PBXBuildFile; fileRef = 1879C4BF2191C83E0013EF2F /* FRCCollectionController.swift */; };
		1879C5022191C83E0013EF2F /* HeaderFooterDescriptor.swift in Sources */ = {isa = PBXBuildFile; fileRef = 1879C4C12191C83E0013EF2F /* HeaderFooterDescriptor.swift */; };
		1879C5032191C83E0013EF2F /* DataProvider.swift in Sources */ = {isa = PBXBuildFile; fileRef = 1879C4C22191C83E0013EF2F /* DataProvider.swift */; };
		1879C5042191C83E0013EF2F /* Register.swift in Sources */ = {isa = PBXBuildFile; fileRef = 1879C4C32191C83E0013EF2F /* Register.swift */; };
		1879C5052191C83E0013EF2F /* BatchUpdate.swift in Sources */ = {isa = PBXBuildFile; fileRef = 1879C4C42191C83E0013EF2F /* BatchUpdate.swift */; };
		1879C5062191C83E0013EF2F /* SupplementaryDescriptor.swift in Sources */ = {isa = PBXBuildFile; fileRef = 1879C4C52191C83E0013EF2F /* SupplementaryDescriptor.swift */; };
		1879C5072191C83E0013EF2F /* CellDescriptor.swift in Sources */ = {isa = PBXBuildFile; fileRef = 1879C4C62191C83E0013EF2F /* CellDescriptor.swift */; };
		1879C5082191C83E0013EF2F /* NotificationDescriptor.swift in Sources */ = {isa = PBXBuildFile; fileRef = 1879C4C82191C83E0013EF2F /* NotificationDescriptor.swift */; };
		1879C5092191C83E0013EF2F /* NotificationToken.swift in Sources */ = {isa = PBXBuildFile; fileRef = 1879C4C92191C83E0013EF2F /* NotificationToken.swift */; };
		1879C50A2191C83E0013EF2F /* CoreData.swift in Sources */ = {isa = PBXBuildFile; fileRef = 1879C4CA2191C83E0013EF2F /* CoreData.swift */; };
		1879C50B2191C83E0013EF2F /* Application.swift in Sources */ = {isa = PBXBuildFile; fileRef = 1879C4CB2191C83E0013EF2F /* Application.swift */; };
		1879C50C2191C83E0013EF2F /* Keyboard.swift in Sources */ = {isa = PBXBuildFile; fileRef = 1879C4CC2191C83E0013EF2F /* Keyboard.swift */; };
		1879C50D2191C83E0013EF2F /* ViewType.swift in Sources */ = {isa = PBXBuildFile; fileRef = 1879C4CE2191C83E0013EF2F /* ViewType.swift */; };
		1879C50E2191C83E0013EF2F /* EventsViewController.swift in Sources */ = {isa = PBXBuildFile; fileRef = 1879C4CF2191C83E0013EF2F /* EventsViewController.swift */; };
		1879C50F2191C83E0013EF2F /* ViewModel.swift in Sources */ = {isa = PBXBuildFile; fileRef = 1879C4D02191C83E0013EF2F /* ViewModel.swift */; };
		1879C5102191C83E0013EF2F /* Router.swift in Sources */ = {isa = PBXBuildFile; fileRef = 1879C4D12191C83E0013EF2F /* Router.swift */; };
		1879C5112191C83E0013EF2F /* StateController.swift in Sources */ = {isa = PBXBuildFile; fileRef = 1879C4D22191C83E0013EF2F /* StateController.swift */; };
		1879C5122191C83E0013EF2F /* Strint.swift in Sources */ = {isa = PBXBuildFile; fileRef = 1879C4D52191C83E0013EF2F /* Strint.swift */; };
		1879C5132191C83E0013EF2F /* Container.swift in Sources */ = {isa = PBXBuildFile; fileRef = 1879C4D62191C83E0013EF2F /* Container.swift */; };
		1879C5142191C83E0013EF2F /* MetaArray.swift in Sources */ = {isa = PBXBuildFile; fileRef = 1879C4D72191C83E0013EF2F /* MetaArray.swift */; };
		1879C5152191C83E0013EF2F /* LossyArray.swift in Sources */ = {isa = PBXBuildFile; fileRef = 1879C4D82191C83E0013EF2F /* LossyArray.swift */; };
		1879C5162191C83E0013EF2F /* Throttle.swift in Sources */ = {isa = PBXBuildFile; fileRef = 1879C4DA2191C83E0013EF2F /* Throttle.swift */; };
		1879C5172191C83E0013EF2F /* Observable.swift in Sources */ = {isa = PBXBuildFile; fileRef = 1879C4DB2191C83E0013EF2F /* Observable.swift */; };
		1879C5182191C83E0013EF2F /* Future.swift in Sources */ = {isa = PBXBuildFile; fileRef = 1879C4DD2191C83E0013EF2F /* Future.swift */; };
		1879C5192191C83E0013EF2F /* Progress.swift in Sources */ = {isa = PBXBuildFile; fileRef = 1879C4DE2191C83E0013EF2F /* Progress.swift */; };
		1879C51A2191C83E0013EF2F /* Result.swift in Sources */ = {isa = PBXBuildFile; fileRef = 1879C4DF2191C83E0013EF2F /* Result.swift */; };
		1879C51B2191C83E0013EF2F /* BatchFuture.swift in Sources */ = {isa = PBXBuildFile; fileRef = 1879C4E02191C83E0013EF2F /* BatchFuture.swift */; };
		1879C51C2191C83E0013EF2F /* Dispatch.swift in Sources */ = {isa = PBXBuildFile; fileRef = 1879C4E22191C83E0013EF2F /* Dispatch.swift */; };
		1879C51D2191C83E0013EF2F /* Atomic.swift in Sources */ = {isa = PBXBuildFile; fileRef = 1879C4E32191C83E0013EF2F /* Atomic.swift */; };
		1879C51E2191C83E0013EF2F /* SortDescriptor.swift in Sources */ = {isa = PBXBuildFile; fileRef = 1879C4E42191C83E0013EF2F /* SortDescriptor.swift */; };
		1879C51F2191C83E0013EF2F /* Array.swift in Sources */ = {isa = PBXBuildFile; fileRef = 1879C4E62191C83E0013EF2F /* Array.swift */; };
		1879C5202191C83E0013EF2F /* CoreGraphics.swift in Sources */ = {isa = PBXBuildFile; fileRef = 1879C4E72191C83E0013EF2F /* CoreGraphics.swift */; };
		1879C5212191C83E0013EF2F /* Dictionary.swift in Sources */ = {isa = PBXBuildFile; fileRef = 1879C4E82191C83E0013EF2F /* Dictionary.swift */; };
		1879C5222191C83E0013EF2F /* String.swift in Sources */ = {isa = PBXBuildFile; fileRef = 1879C4E92191C83E0013EF2F /* String.swift */; };
		1879C5232191C83E0013EF2F /* Settings.swift in Sources */ = {isa = PBXBuildFile; fileRef = 1879C4EA2191C83E0013EF2F /* Settings.swift */; };
		1879C5242191C8440013EF2F /* NSView.swift in Sources */ = {isa = PBXBuildFile; fileRef = 1879C4A22191C83E0013EF2F /* NSView.swift */; };
		1879C5252191C8520013EF2F /* Strint.swift in Sources */ = {isa = PBXBuildFile; fileRef = 1879C4D52191C83E0013EF2F /* Strint.swift */; };
		1879C5262191C8520013EF2F /* Container.swift in Sources */ = {isa = PBXBuildFile; fileRef = 1879C4D62191C83E0013EF2F /* Container.swift */; };
		1879C5272191C8520013EF2F /* MetaArray.swift in Sources */ = {isa = PBXBuildFile; fileRef = 1879C4D72191C83E0013EF2F /* MetaArray.swift */; };
		1879C5282191C8520013EF2F /* LossyArray.swift in Sources */ = {isa = PBXBuildFile; fileRef = 1879C4D82191C83E0013EF2F /* LossyArray.swift */; };
		1879C5292191C8550013EF2F /* Throttle.swift in Sources */ = {isa = PBXBuildFile; fileRef = 1879C4DA2191C83E0013EF2F /* Throttle.swift */; };
		1879C52A2191C8550013EF2F /* Observable.swift in Sources */ = {isa = PBXBuildFile; fileRef = 1879C4DB2191C83E0013EF2F /* Observable.swift */; };
		1879C52B2191C8640013EF2F /* Result.swift in Sources */ = {isa = PBXBuildFile; fileRef = 1879C4DF2191C83E0013EF2F /* Result.swift */; };
		1879C52C2191C8640013EF2F /* Future.swift in Sources */ = {isa = PBXBuildFile; fileRef = 1879C4DD2191C83E0013EF2F /* Future.swift */; };
		1879C52D2191C8640013EF2F /* BatchFuture.swift in Sources */ = {isa = PBXBuildFile; fileRef = 1879C4E02191C83E0013EF2F /* BatchFuture.swift */; };
		1879C52E2191C8640013EF2F /* Progress.swift in Sources */ = {isa = PBXBuildFile; fileRef = 1879C4DE2191C83E0013EF2F /* Progress.swift */; };
		1879C52F2191C86A0013EF2F /* Dispatch.swift in Sources */ = {isa = PBXBuildFile; fileRef = 1879C4E22191C83E0013EF2F /* Dispatch.swift */; };
		1879C5302191C86E0013EF2F /* Atomic.swift in Sources */ = {isa = PBXBuildFile; fileRef = 1879C4E32191C83E0013EF2F /* Atomic.swift */; };
		1879C5312191C8710013EF2F /* SortDescriptor.swift in Sources */ = {isa = PBXBuildFile; fileRef = 1879C4E42191C83E0013EF2F /* SortDescriptor.swift */; };
		1879C5322191C87E0013EF2F /* Array.swift in Sources */ = {isa = PBXBuildFile; fileRef = 1879C4E62191C83E0013EF2F /* Array.swift */; };
		1879C5332191C87E0013EF2F /* CoreGraphics.swift in Sources */ = {isa = PBXBuildFile; fileRef = 1879C4E72191C83E0013EF2F /* CoreGraphics.swift */; };
		1879C5342191C87E0013EF2F /* Dictionary.swift in Sources */ = {isa = PBXBuildFile; fileRef = 1879C4E82191C83E0013EF2F /* Dictionary.swift */; };
		1879C5352191C87E0013EF2F /* String.swift in Sources */ = {isa = PBXBuildFile; fileRef = 1879C4E92191C83E0013EF2F /* String.swift */; };
		1879C5362191C87E0013EF2F /* Settings.swift in Sources */ = {isa = PBXBuildFile; fileRef = 1879C4EA2191C83E0013EF2F /* Settings.swift */; };
		187C5C7D2191CC2200985C96 /* SwiftyIOSTests.swift in Sources */ = {isa = PBXBuildFile; fileRef = 187C5C7C2191CC2200985C96 /* SwiftyIOSTests.swift */; };
		187C5C7F2191CC2200985C96 /* Swifty.framework in Frameworks */ = {isa = PBXBuildFile; fileRef = 14A0D3F12180EEF700B20FAE /* Swifty.framework */; };
		187C5C852191CC3600985C96 /* TestAtomic.swift in Sources */ = {isa = PBXBuildFile; fileRef = 14AB735820ED235C00CD6024 /* TestAtomic.swift */; };
		187C5C902191CC5700985C96 /* TestObservable.swift in Sources */ = {isa = PBXBuildFile; fileRef = 14DC60892022795D00DE6A6C /* TestObservable.swift */; };
		187C5C922191CC5700985C96 /* TestSettings.swift in Sources */ = {isa = PBXBuildFile; fileRef = 146636F32082482F00D68EB4 /* TestSettings.swift */; };
		187C5C932191CC5700985C96 /* TestStateController.swift in Sources */ = {isa = PBXBuildFile; fileRef = 180138B5211C3C05005E73E9 /* TestStateController.swift */; };
		187C5C952191CC5A00985C96 /* Swifty.xcdatamodeld in Sources */ = {isa = PBXBuildFile; fileRef = 147CEE892072B55400CD6D2D /* Swifty.xcdatamodeld */; };
		187C5C982191DD3100985C96 /* TestDataProvder.swift in Sources */ = {isa = PBXBuildFile; fileRef = 147CEE8520729E5500CD6D2D /* TestDataProvder.swift */; };
		187C5C9A2191DDA600985C96 /* Swifty.xcdatamodeld in Sources */ = {isa = PBXBuildFile; fileRef = 147CEE892072B55400CD6D2D /* Swifty.xcdatamodeld */; };
		187C5C9F2191E15D00985C96 /* TestCase.swift in Sources */ = {isa = PBXBuildFile; fileRef = 187C5C9E2191E15D00985C96 /* TestCase.swift */; };
		187C5CA02191E21400985C96 /* TestListController.swift in Sources */ = {isa = PBXBuildFile; fileRef = 180138B3211C3B8F005E73E9 /* TestListController.swift */; };
		187C5CA12191E22700985C96 /* TestTableController.swift in Sources */ = {isa = PBXBuildFile; fileRef = 147CEE902072C5C900CD6D2D /* TestTableController.swift */; };
		187C5CA32191E23D00985C96 /* TestCollectionController.swift in Sources */ = {isa = PBXBuildFile; fileRef = 180138BB211C42CA005E73E9 /* TestCollectionController.swift */; };
		187C5CB52191EB2000985C96 /* AppDelegate.swift in Sources */ = {isa = PBXBuildFile; fileRef = 187C5CB42191EB2000985C96 /* AppDelegate.swift */; };
		187C5CBC2191EB2200985C96 /* Assets.xcassets in Resources */ = {isa = PBXBuildFile; fileRef = 187C5CBB2191EB2200985C96 /* Assets.xcassets */; };
		187C5CC82191EBC700985C96 /* Mocks.swift in Sources */ = {isa = PBXBuildFile; fileRef = 187C5CA42191E60000985C96 /* Mocks.swift */; };
		187E3D72219D946100812A3A /* InputAccessoryView.swift in Sources */ = {isa = PBXBuildFile; fileRef = 187E3D71219D946100812A3A /* InputAccessoryView.swift */; };
		18CDBA34219DACF200FB2FCF /* LaunchScreen.storyboard in Resources */ = {isa = PBXBuildFile; fileRef = 18CDBA32219DACF200FB2FCF /* LaunchScreen.storyboard */; };
		18CDBA35219DACF200FB2FCF /* Main.storyboard in Resources */ = {isa = PBXBuildFile; fileRef = 18CDBA33219DACF200FB2FCF /* Main.storyboard */; };
		18CDBA38219DAD2300FB2FCF /* ExampleKeyboardViewController.swift in Sources */ = {isa = PBXBuildFile; fileRef = 18CDBA37219DAD2300FB2FCF /* ExampleKeyboardViewController.swift */; };
		18CDBA39219DB78A00FB2FCF /* InputAccessoryView.swift in Sources */ = {isa = PBXBuildFile; fileRef = 187E3D71219D946100812A3A /* InputAccessoryView.swift */; };
		18E5BB8D21B58D4000A0D92A /* TestCodables.swift in Sources */ = {isa = PBXBuildFile; fileRef = 18E5BB8C21B58D4000A0D92A /* TestCodables.swift */; };
/* End PBXBuildFile section */

/* Begin PBXContainerItemProxy section */
		187C5C802191CC2200985C96 /* PBXContainerItemProxy */ = {
			isa = PBXContainerItemProxy;
			containerPortal = 149AEAA11EC5F8CD00F16858 /* Project object */;
			proxyType = 1;
			remoteGlobalIDString = 14A0D3F02180EEF700B20FAE;
			remoteInfo = SwiftyIOS;
		};
		187C5CC92191EBD400985C96 /* PBXContainerItemProxy */ = {
			isa = PBXContainerItemProxy;
			containerPortal = 149AEAA11EC5F8CD00F16858 /* Project object */;
			proxyType = 1;
			remoteGlobalIDString = 187C5CB12191EB2000985C96;
			remoteInfo = Example;
		};
/* End PBXContainerItemProxy section */

/* Begin PBXFileReference section */
		14276D632072D4EC00952C27 /* TestTableAnotherCell.xib */ = {isa = PBXFileReference; fileEncoding = 4; lastKnownFileType = file.xib; path = TestTableAnotherCell.xib; sourceTree = "<group>"; };
		146636F32082482F00D68EB4 /* TestSettings.swift */ = {isa = PBXFileReference; fileEncoding = 4; lastKnownFileType = sourcecode.swift; path = TestSettings.swift; sourceTree = "<group>"; };
		147CEE8520729E5500CD6D2D /* TestDataProvder.swift */ = {isa = PBXFileReference; lastKnownFileType = sourcecode.swift; path = TestDataProvder.swift; sourceTree = "<group>"; };
		147CEE8A2072B55400CD6D2D /* Swifty.xcdatamodel */ = {isa = PBXFileReference; lastKnownFileType = wrapper.xcdatamodel; path = Swifty.xcdatamodel; sourceTree = "<group>"; };
		147CEE902072C5C900CD6D2D /* TestTableController.swift */ = {isa = PBXFileReference; lastKnownFileType = sourcecode.swift; path = TestTableController.swift; sourceTree = "<group>"; };
		147CEE922072C88900CD6D2D /* TestTableCell.xib */ = {isa = PBXFileReference; lastKnownFileType = file.xib; path = TestTableCell.xib; sourceTree = "<group>"; };
		147CEE942072C8AD00CD6D2D /* TestTableCell.swift */ = {isa = PBXFileReference; lastKnownFileType = sourcecode.swift; path = TestTableCell.swift; sourceTree = "<group>"; };
		14A0D3CC2180EA6A00B20FAE /* SwiftyOSX.framework */ = {isa = PBXFileReference; explicitFileType = wrapper.framework; includeInIndex = 0; path = SwiftyOSX.framework; sourceTree = BUILT_PRODUCTS_DIR; };
		14A0D3CE2180EA6A00B20FAE /* SwiftyOSX.h */ = {isa = PBXFileReference; lastKnownFileType = sourcecode.c.h; path = SwiftyOSX.h; sourceTree = "<group>"; };
		14A0D3CF2180EA6A00B20FAE /* Info.plist */ = {isa = PBXFileReference; lastKnownFileType = text.plist.xml; path = Info.plist; sourceTree = "<group>"; };
		14A0D3F12180EEF700B20FAE /* Swifty.framework */ = {isa = PBXFileReference; explicitFileType = wrapper.framework; includeInIndex = 0; path = Swifty.framework; sourceTree = BUILT_PRODUCTS_DIR; };
		14A0D3F32180EEF800B20FAE /* SwiftyIOS.h */ = {isa = PBXFileReference; lastKnownFileType = sourcecode.c.h; path = SwiftyIOS.h; sourceTree = "<group>"; };
		14A0D3F42180EEF800B20FAE /* Info.plist */ = {isa = PBXFileReference; lastKnownFileType = text.plist.xml; path = Info.plist; sourceTree = "<group>"; };
		14AB735820ED235C00CD6024 /* TestAtomic.swift */ = {isa = PBXFileReference; lastKnownFileType = sourcecode.swift; path = TestAtomic.swift; sourceTree = "<group>"; };
		14DC60832022794300DE6A6C /* Info.plist */ = {isa = PBXFileReference; lastKnownFileType = text.plist.xml; path = Info.plist; sourceTree = "<group>"; };
		14DC60892022795D00DE6A6C /* TestObservable.swift */ = {isa = PBXFileReference; lastKnownFileType = sourcecode.swift; path = TestObservable.swift; sourceTree = "<group>"; };
		180138B3211C3B8F005E73E9 /* TestListController.swift */ = {isa = PBXFileReference; lastKnownFileType = sourcecode.swift; path = TestListController.swift; sourceTree = "<group>"; };
		180138B5211C3C05005E73E9 /* TestStateController.swift */ = {isa = PBXFileReference; lastKnownFileType = sourcecode.swift; path = TestStateController.swift; sourceTree = "<group>"; };
		180138BB211C42CA005E73E9 /* TestCollectionController.swift */ = {isa = PBXFileReference; lastKnownFileType = sourcecode.swift; path = TestCollectionController.swift; sourceTree = "<group>"; };
		180138C1211C44FC005E73E9 /* TestCollectionCell.swift */ = {isa = PBXFileReference; lastKnownFileType = sourcecode.swift; path = TestCollectionCell.swift; sourceTree = "<group>"; };
		180138C2211C44FC005E73E9 /* TestCollectionCell.xib */ = {isa = PBXFileReference; lastKnownFileType = file.xib; path = TestCollectionCell.xib; sourceTree = "<group>"; };
		180138C6211C463E005E73E9 /* TestCollectionAnotherCell.xib */ = {isa = PBXFileReference; lastKnownFileType = file.xib; path = TestCollectionAnotherCell.xib; sourceTree = "<group>"; };
		1879C4A22191C83E0013EF2F /* NSView.swift */ = {isa = PBXFileReference; fileEncoding = 4; lastKnownFileType = sourcecode.swift; path = NSView.swift; sourceTree = "<group>"; };
		1879C4A52191C83E0013EF2F /* UIGradientView.swift */ = {isa = PBXFileReference; fileEncoding = 4; lastKnownFileType = sourcecode.swift; path = UIGradientView.swift; sourceTree = "<group>"; };
		1879C4A72191C83E0013EF2F /* UIView.swift */ = {isa = PBXFileReference; fileEncoding = 4; lastKnownFileType = sourcecode.swift; path = UIView.swift; sourceTree = "<group>"; };
		1879C4A82191C83E0013EF2F /* BlurView.swift */ = {isa = PBXFileReference; fileEncoding = 4; lastKnownFileType = sourcecode.swift; path = BlurView.swift; sourceTree = "<group>"; };
		1879C4A92191C83E0013EF2F /* UIColor.swift */ = {isa = PBXFileReference; fileEncoding = 4; lastKnownFileType = sourcecode.swift; path = UIColor.swift; sourceTree = "<group>"; };
		1879C4AA2191C83E0013EF2F /* UICollectionView.swift */ = {isa = PBXFileReference; fileEncoding = 4; lastKnownFileType = sourcecode.swift; path = UICollectionView.swift; sourceTree = "<group>"; };
		1879C4AB2191C83E0013EF2F /* UITextField.swift */ = {isa = PBXFileReference; fileEncoding = 4; lastKnownFileType = sourcecode.swift; path = UITextField.swift; sourceTree = "<group>"; };
		1879C4AC2191C83E0013EF2F /* UIImage.swift */ = {isa = PBXFileReference; fileEncoding = 4; lastKnownFileType = sourcecode.swift; path = UIImage.swift; sourceTree = "<group>"; };
		1879C4AD2191C83E0013EF2F /* UIViewController.swift */ = {isa = PBXFileReference; fileEncoding = 4; lastKnownFileType = sourcecode.swift; path = UIViewController.swift; sourceTree = "<group>"; };
		1879C4AE2191C83E0013EF2F /* UIAlertController.swift */ = {isa = PBXFileReference; fileEncoding = 4; lastKnownFileType = sourcecode.swift; path = UIAlertController.swift; sourceTree = "<group>"; };
		1879C4B02191C83E0013EF2F /* BatchSizable.swift */ = {isa = PBXFileReference; fileEncoding = 4; lastKnownFileType = sourcecode.swift; path = BatchSizable.swift; sourceTree = "<group>"; };
		1879C4B12191C83E0013EF2F /* Primitives.swift */ = {isa = PBXFileReference; fileEncoding = 4; lastKnownFileType = sourcecode.swift; path = Primitives.swift; sourceTree = "<group>"; };
		1879C4B32191C83E0013EF2F /* MediaPicker.swift */ = {isa = PBXFileReference; fileEncoding = 4; lastKnownFileType = sourcecode.swift; path = MediaPicker.swift; sourceTree = "<group>"; };
		1879C4B42191C83E0013EF2F /* MediaPickerDelegate.swift */ = {isa = PBXFileReference; fileEncoding = 4; lastKnownFileType = sourcecode.swift; path = MediaPickerDelegate.swift; sourceTree = "<group>"; };
		1879C4B62191C83E0013EF2F /* FRCTableController.swift */ = {isa = PBXFileReference; fileEncoding = 4; lastKnownFileType = sourcecode.swift; path = FRCTableController.swift; sourceTree = "<group>"; };
		1879C4B82191C83E0013EF2F /* ListController.swift */ = {isa = PBXFileReference; fileEncoding = 4; lastKnownFileType = sourcecode.swift; path = ListController.swift; sourceTree = "<group>"; };
		1879C4B92191C83E0013EF2F /* ListPage.swift */ = {isa = PBXFileReference; fileEncoding = 4; lastKnownFileType = sourcecode.swift; path = ListPage.swift; sourceTree = "<group>"; };
		1879C4BA2191C83E0013EF2F /* ListObject.swift */ = {isa = PBXFileReference; fileEncoding = 4; lastKnownFileType = sourcecode.swift; path = ListObject.swift; sourceTree = "<group>"; };
		1879C4BB2191C83E0013EF2F /* ListViewType.swift */ = {isa = PBXFileReference; fileEncoding = 4; lastKnownFileType = sourcecode.swift; path = ListViewType.swift; sourceTree = "<group>"; };
		1879C4BC2191C83E0013EF2F /* ListViewState.swift */ = {isa = PBXFileReference; fileEncoding = 4; lastKnownFileType = sourcecode.swift; path = ListViewState.swift; sourceTree = "<group>"; };
		1879C4BD2191C83E0013EF2F /* CollectionController.swift */ = {isa = PBXFileReference; fileEncoding = 4; lastKnownFileType = sourcecode.swift; path = CollectionController.swift; sourceTree = "<group>"; };
		1879C4BE2191C83E0013EF2F /* TableController.swift */ = {isa = PBXFileReference; fileEncoding = 4; lastKnownFileType = sourcecode.swift; path = TableController.swift; sourceTree = "<group>"; };
		1879C4BF2191C83E0013EF2F /* FRCCollectionController.swift */ = {isa = PBXFileReference; fileEncoding = 4; lastKnownFileType = sourcecode.swift; path = FRCCollectionController.swift; sourceTree = "<group>"; };
		1879C4C12191C83E0013EF2F /* HeaderFooterDescriptor.swift */ = {isa = PBXFileReference; fileEncoding = 4; lastKnownFileType = sourcecode.swift; path = HeaderFooterDescriptor.swift; sourceTree = "<group>"; };
		1879C4C22191C83E0013EF2F /* DataProvider.swift */ = {isa = PBXFileReference; fileEncoding = 4; lastKnownFileType = sourcecode.swift; path = DataProvider.swift; sourceTree = "<group>"; };
		1879C4C32191C83E0013EF2F /* Register.swift */ = {isa = PBXFileReference; fileEncoding = 4; lastKnownFileType = sourcecode.swift; path = Register.swift; sourceTree = "<group>"; };
		1879C4C42191C83E0013EF2F /* BatchUpdate.swift */ = {isa = PBXFileReference; fileEncoding = 4; lastKnownFileType = sourcecode.swift; path = BatchUpdate.swift; sourceTree = "<group>"; };
		1879C4C52191C83E0013EF2F /* SupplementaryDescriptor.swift */ = {isa = PBXFileReference; fileEncoding = 4; lastKnownFileType = sourcecode.swift; path = SupplementaryDescriptor.swift; sourceTree = "<group>"; };
		1879C4C62191C83E0013EF2F /* CellDescriptor.swift */ = {isa = PBXFileReference; fileEncoding = 4; lastKnownFileType = sourcecode.swift; path = CellDescriptor.swift; sourceTree = "<group>"; };
		1879C4C82191C83E0013EF2F /* NotificationDescriptor.swift */ = {isa = PBXFileReference; fileEncoding = 4; lastKnownFileType = sourcecode.swift; path = NotificationDescriptor.swift; sourceTree = "<group>"; };
		1879C4C92191C83E0013EF2F /* NotificationToken.swift */ = {isa = PBXFileReference; fileEncoding = 4; lastKnownFileType = sourcecode.swift; path = NotificationToken.swift; sourceTree = "<group>"; };
		1879C4CA2191C83E0013EF2F /* CoreData.swift */ = {isa = PBXFileReference; fileEncoding = 4; lastKnownFileType = sourcecode.swift; path = CoreData.swift; sourceTree = "<group>"; };
		1879C4CB2191C83E0013EF2F /* Application.swift */ = {isa = PBXFileReference; fileEncoding = 4; lastKnownFileType = sourcecode.swift; path = Application.swift; sourceTree = "<group>"; };
		1879C4CC2191C83E0013EF2F /* Keyboard.swift */ = {isa = PBXFileReference; fileEncoding = 4; lastKnownFileType = sourcecode.swift; path = Keyboard.swift; sourceTree = "<group>"; };
		1879C4CE2191C83E0013EF2F /* ViewType.swift */ = {isa = PBXFileReference; fileEncoding = 4; lastKnownFileType = sourcecode.swift; path = ViewType.swift; sourceTree = "<group>"; };
		1879C4CF2191C83E0013EF2F /* EventsViewController.swift */ = {isa = PBXFileReference; fileEncoding = 4; lastKnownFileType = sourcecode.swift; path = EventsViewController.swift; sourceTree = "<group>"; };
		1879C4D02191C83E0013EF2F /* ViewModel.swift */ = {isa = PBXFileReference; fileEncoding = 4; lastKnownFileType = sourcecode.swift; path = ViewModel.swift; sourceTree = "<group>"; };
		1879C4D12191C83E0013EF2F /* Router.swift */ = {isa = PBXFileReference; fileEncoding = 4; lastKnownFileType = sourcecode.swift; path = Router.swift; sourceTree = "<group>"; };
		1879C4D22191C83E0013EF2F /* StateController.swift */ = {isa = PBXFileReference; fileEncoding = 4; lastKnownFileType = sourcecode.swift; path = StateController.swift; sourceTree = "<group>"; };
		1879C4D52191C83E0013EF2F /* Strint.swift */ = {isa = PBXFileReference; fileEncoding = 4; lastKnownFileType = sourcecode.swift; path = Strint.swift; sourceTree = "<group>"; };
		1879C4D62191C83E0013EF2F /* Container.swift */ = {isa = PBXFileReference; fileEncoding = 4; lastKnownFileType = sourcecode.swift; path = Container.swift; sourceTree = "<group>"; };
		1879C4D72191C83E0013EF2F /* MetaArray.swift */ = {isa = PBXFileReference; fileEncoding = 4; lastKnownFileType = sourcecode.swift; path = MetaArray.swift; sourceTree = "<group>"; };
		1879C4D82191C83E0013EF2F /* LossyArray.swift */ = {isa = PBXFileReference; fileEncoding = 4; lastKnownFileType = sourcecode.swift; path = LossyArray.swift; sourceTree = "<group>"; };
		1879C4DA2191C83E0013EF2F /* Throttle.swift */ = {isa = PBXFileReference; fileEncoding = 4; lastKnownFileType = sourcecode.swift; path = Throttle.swift; sourceTree = "<group>"; };
		1879C4DB2191C83E0013EF2F /* Observable.swift */ = {isa = PBXFileReference; fileEncoding = 4; lastKnownFileType = sourcecode.swift; path = Observable.swift; sourceTree = "<group>"; };
		1879C4DD2191C83E0013EF2F /* Future.swift */ = {isa = PBXFileReference; fileEncoding = 4; lastKnownFileType = sourcecode.swift; path = Future.swift; sourceTree = "<group>"; };
		1879C4DE2191C83E0013EF2F /* Progress.swift */ = {isa = PBXFileReference; fileEncoding = 4; lastKnownFileType = sourcecode.swift; path = Progress.swift; sourceTree = "<group>"; };
		1879C4DF2191C83E0013EF2F /* Result.swift */ = {isa = PBXFileReference; fileEncoding = 4; lastKnownFileType = sourcecode.swift; path = Result.swift; sourceTree = "<group>"; };
		1879C4E02191C83E0013EF2F /* BatchFuture.swift */ = {isa = PBXFileReference; fileEncoding = 4; lastKnownFileType = sourcecode.swift; path = BatchFuture.swift; sourceTree = "<group>"; };
		1879C4E22191C83E0013EF2F /* Dispatch.swift */ = {isa = PBXFileReference; fileEncoding = 4; lastKnownFileType = sourcecode.swift; path = Dispatch.swift; sourceTree = "<group>"; };
		1879C4E32191C83E0013EF2F /* Atomic.swift */ = {isa = PBXFileReference; fileEncoding = 4; lastKnownFileType = sourcecode.swift; path = Atomic.swift; sourceTree = "<group>"; };
		1879C4E42191C83E0013EF2F /* SortDescriptor.swift */ = {isa = PBXFileReference; fileEncoding = 4; lastKnownFileType = sourcecode.swift; path = SortDescriptor.swift; sourceTree = "<group>"; };
		1879C4E62191C83E0013EF2F /* Array.swift */ = {isa = PBXFileReference; fileEncoding = 4; lastKnownFileType = sourcecode.swift; path = Array.swift; sourceTree = "<group>"; };
		1879C4E72191C83E0013EF2F /* CoreGraphics.swift */ = {isa = PBXFileReference; fileEncoding = 4; lastKnownFileType = sourcecode.swift; path = CoreGraphics.swift; sourceTree = "<group>"; };
		1879C4E82191C83E0013EF2F /* Dictionary.swift */ = {isa = PBXFileReference; fileEncoding = 4; lastKnownFileType = sourcecode.swift; path = Dictionary.swift; sourceTree = "<group>"; };
		1879C4E92191C83E0013EF2F /* String.swift */ = {isa = PBXFileReference; fileEncoding = 4; lastKnownFileType = sourcecode.swift; path = String.swift; sourceTree = "<group>"; };
		1879C4EA2191C83E0013EF2F /* Settings.swift */ = {isa = PBXFileReference; fileEncoding = 4; lastKnownFileType = sourcecode.swift; path = Settings.swift; sourceTree = "<group>"; };
		187C5C7A2191CC2200985C96 /* SwiftyIOSTests.xctest */ = {isa = PBXFileReference; explicitFileType = wrapper.cfbundle; includeInIndex = 0; path = SwiftyIOSTests.xctest; sourceTree = BUILT_PRODUCTS_DIR; };
		187C5C7C2191CC2200985C96 /* SwiftyIOSTests.swift */ = {isa = PBXFileReference; lastKnownFileType = sourcecode.swift; path = SwiftyIOSTests.swift; sourceTree = "<group>"; };
		187C5C7E2191CC2200985C96 /* Info.plist */ = {isa = PBXFileReference; lastKnownFileType = text.plist.xml; path = Info.plist; sourceTree = "<group>"; };
		187C5C9E2191E15D00985C96 /* TestCase.swift */ = {isa = PBXFileReference; lastKnownFileType = sourcecode.swift; path = TestCase.swift; sourceTree = "<group>"; };
		187C5CA42191E60000985C96 /* Mocks.swift */ = {isa = PBXFileReference; lastKnownFileType = sourcecode.swift; path = Mocks.swift; sourceTree = "<group>"; };
		187C5CB22191EB2000985C96 /* Example.app */ = {isa = PBXFileReference; explicitFileType = wrapper.application; includeInIndex = 0; path = Example.app; sourceTree = BUILT_PRODUCTS_DIR; };
		187C5CB42191EB2000985C96 /* AppDelegate.swift */ = {isa = PBXFileReference; lastKnownFileType = sourcecode.swift; path = AppDelegate.swift; sourceTree = "<group>"; };
		187C5CBB2191EB2200985C96 /* Assets.xcassets */ = {isa = PBXFileReference; lastKnownFileType = folder.assetcatalog; path = Assets.xcassets; sourceTree = "<group>"; };
		187C5CC02191EB2200985C96 /* Info.plist */ = {isa = PBXFileReference; lastKnownFileType = text.plist.xml; path = Info.plist; sourceTree = "<group>"; };
		187E3D71219D946100812A3A /* InputAccessoryView.swift */ = {isa = PBXFileReference; lastKnownFileType = sourcecode.swift; path = InputAccessoryView.swift; sourceTree = "<group>"; };
		18CDBA32219DACF200FB2FCF /* LaunchScreen.storyboard */ = {isa = PBXFileReference; fileEncoding = 4; lastKnownFileType = file.storyboard; path = LaunchScreen.storyboard; sourceTree = "<group>"; };
		18CDBA33219DACF200FB2FCF /* Main.storyboard */ = {isa = PBXFileReference; fileEncoding = 4; lastKnownFileType = file.storyboard; path = Main.storyboard; sourceTree = "<group>"; };
		18CDBA37219DAD2300FB2FCF /* ExampleKeyboardViewController.swift */ = {isa = PBXFileReference; lastKnownFileType = sourcecode.swift; path = ExampleKeyboardViewController.swift; sourceTree = "<group>"; };
		18E5BB8C21B58D4000A0D92A /* TestCodables.swift */ = {isa = PBXFileReference; lastKnownFileType = sourcecode.swift; path = TestCodables.swift; sourceTree = "<group>"; };
/* End PBXFileReference section */

/* Begin PBXFrameworksBuildPhase section */
		14A0D3C92180EA6A00B20FAE /* Frameworks */ = {
			isa = PBXFrameworksBuildPhase;
			buildActionMask = 2147483647;
			files = (
			);
			runOnlyForDeploymentPostprocessing = 0;
		};
		14A0D3EE2180EEF700B20FAE /* Frameworks */ = {
			isa = PBXFrameworksBuildPhase;
			buildActionMask = 2147483647;
			files = (
			);
			runOnlyForDeploymentPostprocessing = 0;
		};
		187C5C772191CC2200985C96 /* Frameworks */ = {
			isa = PBXFrameworksBuildPhase;
			buildActionMask = 2147483647;
			files = (
				187C5C7F2191CC2200985C96 /* Swifty.framework in Frameworks */,
			);
			runOnlyForDeploymentPostprocessing = 0;
		};
		187C5CAF2191EB2000985C96 /* Frameworks */ = {
			isa = PBXFrameworksBuildPhase;
			buildActionMask = 2147483647;
			files = (
			);
			runOnlyForDeploymentPostprocessing = 0;
		};
/* End PBXFrameworksBuildPhase section */

/* Begin PBXGroup section */
		147CEE962072C8BA00CD6D2D /* Controllers */ = {
			isa = PBXGroup;
			children = (
				147CEE902072C5C900CD6D2D /* TestTableController.swift */,
				180138BB211C42CA005E73E9 /* TestCollectionController.swift */,
				187C5CA82191E61200985C96 /* Table */,
				18734A822191EC960055B2FF /* Collection */,
			);
			path = Controllers;
			sourceTree = "<group>";
		};
		149AEAA01EC5F8CD00F16858 = {
			isa = PBXGroup;
			children = (
				187C5CB32191EB2000985C96 /* Example */,
				1879C49F2191C83E0013EF2F /* Source */,
				14DC60802022794300DE6A6C /* SwiftyTests */,
				14A0D3CD2180EA6A00B20FAE /* SwiftyOSX */,
				14A0D3F22180EEF800B20FAE /* SwiftyIOS */,
				187C5C7B2191CC2200985C96 /* SwiftyIOSTests */,
				149AEAAA1EC5F8CD00F16858 /* Products */,
			);
			sourceTree = "<group>";
		};
		149AEAAA1EC5F8CD00F16858 /* Products */ = {
			isa = PBXGroup;
			children = (
				14A0D3CC2180EA6A00B20FAE /* SwiftyOSX.framework */,
				14A0D3F12180EEF700B20FAE /* Swifty.framework */,
				187C5C7A2191CC2200985C96 /* SwiftyIOSTests.xctest */,
				187C5CB22191EB2000985C96 /* Example.app */,
			);
			name = Products;
			sourceTree = "<group>";
		};
		14A0D3CD2180EA6A00B20FAE /* SwiftyOSX */ = {
			isa = PBXGroup;
			children = (
				14A0D3CE2180EA6A00B20FAE /* SwiftyOSX.h */,
				14A0D3CF2180EA6A00B20FAE /* Info.plist */,
			);
			path = SwiftyOSX;
			sourceTree = "<group>";
		};
		14A0D3F22180EEF800B20FAE /* SwiftyIOS */ = {
			isa = PBXGroup;
			children = (
				14A0D3F32180EEF800B20FAE /* SwiftyIOS.h */,
				14A0D3F42180EEF800B20FAE /* Info.plist */,
			);
			path = SwiftyIOS;
			sourceTree = "<group>";
		};
		14AB735720ED233300CD6024 /* Dispatch */ = {
			isa = PBXGroup;
			children = (
				14AB735820ED235C00CD6024 /* TestAtomic.swift */,
			);
			path = Dispatch;
			sourceTree = "<group>";
		};
		14DC60802022794300DE6A6C /* SwiftyTests */ = {
			isa = PBXGroup;
			children = (
				187C5CC62191EB9E00985C96 /* Example */,
				147CEE892072B55400CD6D2D /* Swifty.xcdatamodeld */,
				187C5C9E2191E15D00985C96 /* TestCase.swift */,
				14DC60892022795D00DE6A6C /* TestObservable.swift */,
				147CEE8520729E5500CD6D2D /* TestDataProvder.swift */,
				146636F32082482F00D68EB4 /* TestSettings.swift */,
				180138B5211C3C05005E73E9 /* TestStateController.swift */,
				180138B3211C3B8F005E73E9 /* TestListController.swift */,
				18E5BB8C21B58D4000A0D92A /* TestCodables.swift */,
				147CEE962072C8BA00CD6D2D /* Controllers */,
				14AB735720ED233300CD6024 /* Dispatch */,
				14DC60832022794300DE6A6C /* Info.plist */,
			);
			path = SwiftyTests;
			sourceTree = "<group>";
		};
		18734A822191EC960055B2FF /* Collection */ = {
			isa = PBXGroup;
			children = (
				180138C1211C44FC005E73E9 /* TestCollectionCell.swift */,
				180138C2211C44FC005E73E9 /* TestCollectionCell.xib */,
				180138C6211C463E005E73E9 /* TestCollectionAnotherCell.xib */,
			);
			path = Collection;
			sourceTree = "<group>";
		};
		1879C49F2191C83E0013EF2F /* Source */ = {
			isa = PBXGroup;
			children = (
				1879C4A02191C83E0013EF2F /* osx */,
				1879C4A32191C83E0013EF2F /* ios */,
				1879C4D32191C83E0013EF2F /* common */,
			);
			name = Source;
			path = ../Source;
			sourceTree = "<group>";
		};
		1879C4A02191C83E0013EF2F /* osx */ = {
			isa = PBXGroup;
			children = (
				1879C4A12191C83E0013EF2F /* AppKit */,
			);
			path = osx;
			sourceTree = "<group>";
		};
		1879C4A12191C83E0013EF2F /* AppKit */ = {
			isa = PBXGroup;
			children = (
				1879C4A22191C83E0013EF2F /* NSView.swift */,
			);
			path = AppKit;
			sourceTree = "<group>";
		};
		1879C4A32191C83E0013EF2F /* ios */ = {
			isa = PBXGroup;
			children = (
				1879C4A42191C83E0013EF2F /* IBDesignable */,
				1879C4A62191C83E0013EF2F /* UIKit */,
				1879C4AF2191C83E0013EF2F /* CoreData */,
				1879C4B22191C83E0013EF2F /* MediaPicker */,
				1879C4B52191C83E0013EF2F /* Controllers */,
				1879C4C72191C83E0013EF2F /* Notifications */,
				1879C4CD2191C83E0013EF2F /* MVVM */,
			);
			path = ios;
			sourceTree = "<group>";
		};
		1879C4A42191C83E0013EF2F /* IBDesignable */ = {
			isa = PBXGroup;
			children = (
				1879C4A52191C83E0013EF2F /* UIGradientView.swift */,
			);
			path = IBDesignable;
			sourceTree = "<group>";
		};
		1879C4A62191C83E0013EF2F /* UIKit */ = {
			isa = PBXGroup;
			children = (
				1879C4A82191C83E0013EF2F /* BlurView.swift */,
				187E3D71219D946100812A3A /* InputAccessoryView.swift */,
				1879C4A72191C83E0013EF2F /* UIView.swift */,
				1879C4A92191C83E0013EF2F /* UIColor.swift */,
				1879C4AA2191C83E0013EF2F /* UICollectionView.swift */,
				1879C4AB2191C83E0013EF2F /* UITextField.swift */,
				1879C4AC2191C83E0013EF2F /* UIImage.swift */,
				1879C4AD2191C83E0013EF2F /* UIViewController.swift */,
				1879C4AE2191C83E0013EF2F /* UIAlertController.swift */,
			);
			path = UIKit;
			sourceTree = "<group>";
		};
		1879C4AF2191C83E0013EF2F /* CoreData */ = {
			isa = PBXGroup;
			children = (
				1879C4B02191C83E0013EF2F /* BatchSizable.swift */,
				1879C4B12191C83E0013EF2F /* Primitives.swift */,
			);
			path = CoreData;
			sourceTree = "<group>";
		};
		1879C4B22191C83E0013EF2F /* MediaPicker */ = {
			isa = PBXGroup;
			children = (
				1879C4B32191C83E0013EF2F /* MediaPicker.swift */,
				1879C4B42191C83E0013EF2F /* MediaPickerDelegate.swift */,
			);
			path = MediaPicker;
			sourceTree = "<group>";
		};
		1879C4B52191C83E0013EF2F /* Controllers */ = {
			isa = PBXGroup;
			children = (
				1879C4B62191C83E0013EF2F /* FRCTableController.swift */,
				1879C4B72191C83E0013EF2F /* List */,
				1879C4BD2191C83E0013EF2F /* CollectionController.swift */,
				1879C4BE2191C83E0013EF2F /* TableController.swift */,
				1879C4BF2191C83E0013EF2F /* FRCCollectionController.swift */,
				1879C4C02191C83E0013EF2F /* Entities */,
			);
			path = Controllers;
			sourceTree = "<group>";
		};
		1879C4B72191C83E0013EF2F /* List */ = {
			isa = PBXGroup;
			children = (
				1879C4B82191C83E0013EF2F /* ListController.swift */,
				1879C4B92191C83E0013EF2F /* ListPage.swift */,
				1879C4BA2191C83E0013EF2F /* ListObject.swift */,
				1879C4BB2191C83E0013EF2F /* ListViewType.swift */,
				1879C4BC2191C83E0013EF2F /* ListViewState.swift */,
			);
			path = List;
			sourceTree = "<group>";
		};
		1879C4C02191C83E0013EF2F /* Entities */ = {
			isa = PBXGroup;
			children = (
				1879C4C12191C83E0013EF2F /* HeaderFooterDescriptor.swift */,
				1879C4C22191C83E0013EF2F /* DataProvider.swift */,
				1879C4C32191C83E0013EF2F /* Register.swift */,
				1879C4C42191C83E0013EF2F /* BatchUpdate.swift */,
				1879C4C52191C83E0013EF2F /* SupplementaryDescriptor.swift */,
				1879C4C62191C83E0013EF2F /* CellDescriptor.swift */,
			);
			path = Entities;
			sourceTree = "<group>";
		};
		1879C4C72191C83E0013EF2F /* Notifications */ = {
			isa = PBXGroup;
			children = (
				1879C4C82191C83E0013EF2F /* NotificationDescriptor.swift */,
				1879C4C92191C83E0013EF2F /* NotificationToken.swift */,
				1879C4CA2191C83E0013EF2F /* CoreData.swift */,
				1879C4CB2191C83E0013EF2F /* Application.swift */,
				1879C4CC2191C83E0013EF2F /* Keyboard.swift */,
			);
			path = Notifications;
			sourceTree = "<group>";
		};
		1879C4CD2191C83E0013EF2F /* MVVM */ = {
			isa = PBXGroup;
			children = (
				1879C4CE2191C83E0013EF2F /* ViewType.swift */,
				1879C4CF2191C83E0013EF2F /* EventsViewController.swift */,
				1879C4D02191C83E0013EF2F /* ViewModel.swift */,
				1879C4D12191C83E0013EF2F /* Router.swift */,
				1879C4D22191C83E0013EF2F /* StateController.swift */,
			);
			path = MVVM;
			sourceTree = "<group>";
		};
		1879C4D32191C83E0013EF2F /* common */ = {
			isa = PBXGroup;
			children = (
				1879C4D42191C83E0013EF2F /* Codable */,
				1879C4D92191C83E0013EF2F /* Reactive */,
				1879C4E12191C83E0013EF2F /* Dispatch */,
				1879C4E52191C83E0013EF2F /* Foundation */,
				1879C4E42191C83E0013EF2F /* SortDescriptor.swift */,
				1879C4EA2191C83E0013EF2F /* Settings.swift */,
			);
			path = common;
			sourceTree = "<group>";
		};
		1879C4D42191C83E0013EF2F /* Codable */ = {
			isa = PBXGroup;
			children = (
				1879C4D52191C83E0013EF2F /* Strint.swift */,
				1879C4D62191C83E0013EF2F /* Container.swift */,
				1879C4D72191C83E0013EF2F /* MetaArray.swift */,
				1879C4D82191C83E0013EF2F /* LossyArray.swift */,
			);
			path = Codable;
			sourceTree = "<group>";
		};
		1879C4D92191C83E0013EF2F /* Reactive */ = {
			isa = PBXGroup;
			children = (
				1879C4DA2191C83E0013EF2F /* Throttle.swift */,
				1879C4DB2191C83E0013EF2F /* Observable.swift */,
				1879C4DC2191C83E0013EF2F /* Future */,
			);
			path = Reactive;
			sourceTree = "<group>";
		};
		1879C4DC2191C83E0013EF2F /* Future */ = {
			isa = PBXGroup;
			children = (
				1879C4DF2191C83E0013EF2F /* Result.swift */,
				1879C4DD2191C83E0013EF2F /* Future.swift */,
				1879C4E02191C83E0013EF2F /* BatchFuture.swift */,
				1879C4DE2191C83E0013EF2F /* Progress.swift */,
			);
			path = Future;
			sourceTree = "<group>";
		};
		1879C4E12191C83E0013EF2F /* Dispatch */ = {
			isa = PBXGroup;
			children = (
				1879C4E22191C83E0013EF2F /* Dispatch.swift */,
				1879C4E32191C83E0013EF2F /* Atomic.swift */,
			);
			path = Dispatch;
			sourceTree = "<group>";
		};
		1879C4E52191C83E0013EF2F /* Foundation */ = {
			isa = PBXGroup;
			children = (
				1879C4E62191C83E0013EF2F /* Array.swift */,
				1879C4E72191C83E0013EF2F /* CoreGraphics.swift */,
				1879C4E82191C83E0013EF2F /* Dictionary.swift */,
				1879C4E92191C83E0013EF2F /* String.swift */,
			);
			path = Foundation;
			sourceTree = "<group>";
		};
		187C5C7B2191CC2200985C96 /* SwiftyIOSTests */ = {
			isa = PBXGroup;
			children = (
				187C5C7C2191CC2200985C96 /* SwiftyIOSTests.swift */,
				187C5C7E2191CC2200985C96 /* Info.plist */,
			);
			path = SwiftyIOSTests;
			sourceTree = "<group>";
		};
		187C5CA82191E61200985C96 /* Table */ = {
			isa = PBXGroup;
			children = (
				147CEE942072C8AD00CD6D2D /* TestTableCell.swift */,
				147CEE922072C88900CD6D2D /* TestTableCell.xib */,
				14276D632072D4EC00952C27 /* TestTableAnotherCell.xib */,
			);
			path = Table;
			sourceTree = "<group>";
		};
		187C5CB32191EB2000985C96 /* Example */ = {
			isa = PBXGroup;
			children = (
				187C5CB42191EB2000985C96 /* AppDelegate.swift */,
				18CDBA31219DACF200FB2FCF /* Storybords */,
				18CDBA36219DAD0000FB2FCF /* ViewControllers */,
				18CDBA2D219DAC9900FB2FCF /* Resources */,
			);
			path = Example;
			sourceTree = "<group>";
		};
		187C5CC62191EB9E00985C96 /* Example */ = {
			isa = PBXGroup;
			children = (
				187C5CA42191E60000985C96 /* Mocks.swift */,
			);
			path = Example;
			sourceTree = "<group>";
		};
		18CDBA2D219DAC9900FB2FCF /* Resources */ = {
			isa = PBXGroup;
			children = (
				187C5CBB2191EB2200985C96 /* Assets.xcassets */,
				187C5CC02191EB2200985C96 /* Info.plist */,
			);
			name = Resources;
			sourceTree = "<group>";
		};
		18CDBA31219DACF200FB2FCF /* Storybords */ = {
			isa = PBXGroup;
			children = (
				18CDBA32219DACF200FB2FCF /* LaunchScreen.storyboard */,
				18CDBA33219DACF200FB2FCF /* Main.storyboard */,
			);
			path = Storybords;
			sourceTree = "<group>";
		};
		18CDBA36219DAD0000FB2FCF /* ViewControllers */ = {
			isa = PBXGroup;
			children = (
				18CDBA37219DAD2300FB2FCF /* ExampleKeyboardViewController.swift */,
			);
			path = ViewControllers;
			sourceTree = "<group>";
		};
/* End PBXGroup section */

/* Begin PBXHeadersBuildPhase section */
		14A0D3C72180EA6A00B20FAE /* Headers */ = {
			isa = PBXHeadersBuildPhase;
			buildActionMask = 2147483647;
			files = (
				14A0D3D02180EA6A00B20FAE /* SwiftyOSX.h in Headers */,
			);
			runOnlyForDeploymentPostprocessing = 0;
		};
		14A0D3EC2180EEF700B20FAE /* Headers */ = {
			isa = PBXHeadersBuildPhase;
			buildActionMask = 2147483647;
			files = (
				14A0D3F52180EEF800B20FAE /* SwiftyIOS.h in Headers */,
			);
			runOnlyForDeploymentPostprocessing = 0;
		};
/* End PBXHeadersBuildPhase section */

/* Begin PBXNativeTarget section */
		14A0D3CB2180EA6A00B20FAE /* SwiftyOSX */ = {
			isa = PBXNativeTarget;
			buildConfigurationList = 14A0D3D12180EA6A00B20FAE /* Build configuration list for PBXNativeTarget "SwiftyOSX" */;
			buildPhases = (
				14A0D3C72180EA6A00B20FAE /* Headers */,
				14A0D3C82180EA6A00B20FAE /* Sources */,
				14A0D3C92180EA6A00B20FAE /* Frameworks */,
				14A0D3CA2180EA6A00B20FAE /* Resources */,
			);
			buildRules = (
			);
			dependencies = (
			);
			name = SwiftyOSX;
			productName = SwiftyOSX;
			productReference = 14A0D3CC2180EA6A00B20FAE /* SwiftyOSX.framework */;
			productType = "com.apple.product-type.framework";
		};
		14A0D3F02180EEF700B20FAE /* SwiftyIOS */ = {
			isa = PBXNativeTarget;
			buildConfigurationList = 14A0D3FA2180EEF800B20FAE /* Build configuration list for PBXNativeTarget "SwiftyIOS" */;
			buildPhases = (
				14A0D3EC2180EEF700B20FAE /* Headers */,
				14A0D3ED2180EEF700B20FAE /* Sources */,
				14A0D3EE2180EEF700B20FAE /* Frameworks */,
				14A0D3EF2180EEF700B20FAE /* Resources */,
			);
			buildRules = (
			);
			dependencies = (
			);
			name = SwiftyIOS;
			productName = SwiftyIOS;
			productReference = 14A0D3F12180EEF700B20FAE /* Swifty.framework */;
			productType = "com.apple.product-type.framework";
		};
		187C5C792191CC2200985C96 /* SwiftyIOSTests */ = {
			isa = PBXNativeTarget;
			buildConfigurationList = 187C5C822191CC2200985C96 /* Build configuration list for PBXNativeTarget "SwiftyIOSTests" */;
			buildPhases = (
				187C5C762191CC2200985C96 /* Sources */,
				187C5C772191CC2200985C96 /* Frameworks */,
				187C5C782191CC2200985C96 /* Resources */,
			);
			buildRules = (
			);
			dependencies = (
				187C5C812191CC2200985C96 /* PBXTargetDependency */,
				187C5CCA2191EBD400985C96 /* PBXTargetDependency */,
			);
			name = SwiftyIOSTests;
			productName = SwiftyIOSTests;
			productReference = 187C5C7A2191CC2200985C96 /* SwiftyIOSTests.xctest */;
			productType = "com.apple.product-type.bundle.unit-test";
		};
		187C5CB12191EB2000985C96 /* Example */ = {
			isa = PBXNativeTarget;
			buildConfigurationList = 187C5CC12191EB2200985C96 /* Build configuration list for PBXNativeTarget "Example" */;
			buildPhases = (
				187C5CAE2191EB2000985C96 /* Sources */,
				187C5CAF2191EB2000985C96 /* Frameworks */,
				187C5CB02191EB2000985C96 /* Resources */,
			);
			buildRules = (
			);
			dependencies = (
			);
			name = Example;
			productName = Example;
			productReference = 187C5CB22191EB2000985C96 /* Example.app */;
			productType = "com.apple.product-type.application";
		};
/* End PBXNativeTarget section */

/* Begin PBXProject section */
		149AEAA11EC5F8CD00F16858 /* Project object */ = {
			isa = PBXProject;
			attributes = {
				LastSwiftUpdateCheck = 1010;
				LastUpgradeCheck = 1010;
				ORGANIZATIONNAME = "Vadym Pavlov";
				TargetAttributes = {
					14A0D3CB2180EA6A00B20FAE = {
						CreatedOnToolsVersion = 10.0;
						DevelopmentTeam = WTQFJ264ZG;
						ProvisioningStyle = Automatic;
					};
					14A0D3F02180EEF700B20FAE = {
						CreatedOnToolsVersion = 10.0;
						ProvisioningStyle = Automatic;
					};
					187C5C792191CC2200985C96 = {
						CreatedOnToolsVersion = 10.1;
						ProvisioningStyle = Automatic;
						TestTargetID = 187C5CB12191EB2000985C96;
					};
					187C5CB12191EB2000985C96 = {
						CreatedOnToolsVersion = 10.1;
						ProvisioningStyle = Manual;
					};
				};
			};
			buildConfigurationList = 149AEAA41EC5F8CD00F16858 /* Build configuration list for PBXProject "Swifty" */;
			compatibilityVersion = "Xcode 3.2";
			developmentRegion = English;
			hasScannedForEncodings = 0;
			knownRegions = (
				en,
				Base,
			);
			mainGroup = 149AEAA01EC5F8CD00F16858;
			productRefGroup = 149AEAAA1EC5F8CD00F16858 /* Products */;
			projectDirPath = "";
			projectRoot = "";
			targets = (
				14A0D3F02180EEF700B20FAE /* SwiftyIOS */,
				14A0D3CB2180EA6A00B20FAE /* SwiftyOSX */,
				187C5C792191CC2200985C96 /* SwiftyIOSTests */,
				187C5CB12191EB2000985C96 /* Example */,
			);
		};
/* End PBXProject section */

/* Begin PBXResourcesBuildPhase section */
		14A0D3CA2180EA6A00B20FAE /* Resources */ = {
			isa = PBXResourcesBuildPhase;
			buildActionMask = 2147483647;
			files = (
			);
			runOnlyForDeploymentPostprocessing = 0;
		};
		14A0D3EF2180EEF700B20FAE /* Resources */ = {
			isa = PBXResourcesBuildPhase;
			buildActionMask = 2147483647;
			files = (
			);
			runOnlyForDeploymentPostprocessing = 0;
		};
		187C5C782191CC2200985C96 /* Resources */ = {
			isa = PBXResourcesBuildPhase;
			buildActionMask = 2147483647;
			files = (
			);
			runOnlyForDeploymentPostprocessing = 0;
		};
		187C5CB02191EB2000985C96 /* Resources */ = {
			isa = PBXResourcesBuildPhase;
			buildActionMask = 2147483647;
			files = (
				18CDBA35219DACF200FB2FCF /* Main.storyboard in Resources */,
				18734A862191EEC50055B2FF /* TestTableCell.xib in Resources */,
				181252492191F1960064222F /* TestCollectionAnotherCell.xib in Resources */,
				181252482191F1930064222F /* TestCollectionCell.xib in Resources */,
				18CDBA34219DACF200FB2FCF /* LaunchScreen.storyboard in Resources */,
				187C5CBC2191EB2200985C96 /* Assets.xcassets in Resources */,
				18734A872191EEC80055B2FF /* TestTableAnotherCell.xib in Resources */,
			);
			runOnlyForDeploymentPostprocessing = 0;
		};
/* End PBXResourcesBuildPhase section */

/* Begin PBXSourcesBuildPhase section */
		14A0D3C82180EA6A00B20FAE /* Sources */ = {
			isa = PBXSourcesBuildPhase;
			buildActionMask = 2147483647;
			files = (
				1879C5272191C8520013EF2F /* MetaArray.swift in Sources */,
				1879C5292191C8550013EF2F /* Throttle.swift in Sources */,
				1879C5242191C8440013EF2F /* NSView.swift in Sources */,
				1879C52D2191C8640013EF2F /* BatchFuture.swift in Sources */,
				1879C5302191C86E0013EF2F /* Atomic.swift in Sources */,
				1879C52A2191C8550013EF2F /* Observable.swift in Sources */,
				1879C5322191C87E0013EF2F /* Array.swift in Sources */,
				1879C5332191C87E0013EF2F /* CoreGraphics.swift in Sources */,
				1879C5262191C8520013EF2F /* Container.swift in Sources */,
				1879C52E2191C8640013EF2F /* Progress.swift in Sources */,
				1879C5312191C8710013EF2F /* SortDescriptor.swift in Sources */,
				1879C5252191C8520013EF2F /* Strint.swift in Sources */,
				1879C5352191C87E0013EF2F /* String.swift in Sources */,
				1879C52C2191C8640013EF2F /* Future.swift in Sources */,
				1879C52F2191C86A0013EF2F /* Dispatch.swift in Sources */,
				1879C5342191C87E0013EF2F /* Dictionary.swift in Sources */,
				1879C52B2191C8640013EF2F /* Result.swift in Sources */,
				1879C5282191C8520013EF2F /* LossyArray.swift in Sources */,
				1879C5362191C87E0013EF2F /* Settings.swift in Sources */,
			);
			runOnlyForDeploymentPostprocessing = 0;
		};
		14A0D3ED2180EEF700B20FAE /* Sources */ = {
			isa = PBXSourcesBuildPhase;
			buildActionMask = 2147483647;
			files = (
				1879C5142191C83E0013EF2F /* MetaArray.swift in Sources */,
				1879C5062191C83E0013EF2F /* SupplementaryDescriptor.swift in Sources */,
				1879C4F02191C83E0013EF2F /* UICollectionView.swift in Sources */,
				1879C4F22191C83E0013EF2F /* UIImage.swift in Sources */,
				1879C51D2191C83E0013EF2F /* Atomic.swift in Sources */,
				1879C5002191C83E0013EF2F /* TableController.swift in Sources */,
				1879C4FB2191C83E0013EF2F /* ListPage.swift in Sources */,
				1879C51F2191C83E0013EF2F /* Array.swift in Sources */,
				1879C51A2191C83E0013EF2F /* Result.swift in Sources */,
				1879C5042191C83E0013EF2F /* Register.swift in Sources */,
				1879C5102191C83E0013EF2F /* Router.swift in Sources */,
				1879C5182191C83E0013EF2F /* Future.swift in Sources */,
				1879C5052191C83E0013EF2F /* BatchUpdate.swift in Sources */,
				1879C5202191C83E0013EF2F /* CoreGraphics.swift in Sources */,
				1879C50D2191C83E0013EF2F /* ViewType.swift in Sources */,
				1879C5072191C83E0013EF2F /* CellDescriptor.swift in Sources */,
				187C5C9A2191DDA600985C96 /* Swifty.xcdatamodeld in Sources */,
				1879C51B2191C83E0013EF2F /* BatchFuture.swift in Sources */,
				1879C4F32191C83E0013EF2F /* UIViewController.swift in Sources */,
				1879C5232191C83E0013EF2F /* Settings.swift in Sources */,
				1879C4FF2191C83E0013EF2F /* CollectionController.swift in Sources */,
				1879C4F52191C83E0013EF2F /* BatchSizable.swift in Sources */,
				1879C4EC2191C83E0013EF2F /* UIGradientView.swift in Sources */,
				1879C50A2191C83E0013EF2F /* CoreData.swift in Sources */,
				1879C4FE2191C83E0013EF2F /* ListViewState.swift in Sources */,
				1879C5082191C83E0013EF2F /* NotificationDescriptor.swift in Sources */,
				1879C4F82191C83E0013EF2F /* MediaPickerDelegate.swift in Sources */,
				1879C50E2191C83E0013EF2F /* EventsViewController.swift in Sources */,
				1879C5212191C83E0013EF2F /* Dictionary.swift in Sources */,
				1879C4F42191C83E0013EF2F /* UIAlertController.swift in Sources */,
				187E3D72219D946100812A3A /* InputAccessoryView.swift in Sources */,
				1879C4F12191C83E0013EF2F /* UITextField.swift in Sources */,
				1879C51E2191C83E0013EF2F /* SortDescriptor.swift in Sources */,
				1879C4FD2191C83E0013EF2F /* ListViewType.swift in Sources */,
				1879C50F2191C83E0013EF2F /* ViewModel.swift in Sources */,
				1879C4F72191C83E0013EF2F /* MediaPicker.swift in Sources */,
				1879C5022191C83E0013EF2F /* HeaderFooterDescriptor.swift in Sources */,
				1879C4F62191C83E0013EF2F /* Primitives.swift in Sources */,
				1879C5092191C83E0013EF2F /* NotificationToken.swift in Sources */,
				1879C5192191C83E0013EF2F /* Progress.swift in Sources */,
				1879C5122191C83E0013EF2F /* Strint.swift in Sources */,
				1879C4EE2191C83E0013EF2F /* BlurView.swift in Sources */,
				1879C50B2191C83E0013EF2F /* Application.swift in Sources */,
				1879C5172191C83E0013EF2F /* Observable.swift in Sources */,
				1879C5032191C83E0013EF2F /* DataProvider.swift in Sources */,
				1879C4F92191C83E0013EF2F /* FRCTableController.swift in Sources */,
				1879C4ED2191C83E0013EF2F /* UIView.swift in Sources */,
				1879C4FC2191C83E0013EF2F /* ListObject.swift in Sources */,
				1879C5162191C83E0013EF2F /* Throttle.swift in Sources */,
				1879C5222191C83E0013EF2F /* String.swift in Sources */,
				1879C5112191C83E0013EF2F /* StateController.swift in Sources */,
				1879C50C2191C83E0013EF2F /* Keyboard.swift in Sources */,
				1879C5152191C83E0013EF2F /* LossyArray.swift in Sources */,
				1879C4EF2191C83E0013EF2F /* UIColor.swift in Sources */,
				1879C4FA2191C83E0013EF2F /* ListController.swift in Sources */,
				1879C51C2191C83E0013EF2F /* Dispatch.swift in Sources */,
				1879C5012191C83E0013EF2F /* FRCCollectionController.swift in Sources */,
				1879C5132191C83E0013EF2F /* Container.swift in Sources */,
			);
			runOnlyForDeploymentPostprocessing = 0;
		};
		187C5C762191CC2200985C96 /* Sources */ = {
			isa = PBXSourcesBuildPhase;
			buildActionMask = 2147483647;
			files = (
				187C5CA12191E22700985C96 /* TestTableController.swift in Sources */,
				187C5C932191CC5700985C96 /* TestStateController.swift in Sources */,
				18E5BB8D21B58D4000A0D92A /* TestCodables.swift in Sources */,
				187C5C852191CC3600985C96 /* TestAtomic.swift in Sources */,
				187C5C982191DD3100985C96 /* TestDataProvder.swift in Sources */,
				187C5C902191CC5700985C96 /* TestObservable.swift in Sources */,
				187C5C9F2191E15D00985C96 /* TestCase.swift in Sources */,
				187C5C922191CC5700985C96 /* TestSettings.swift in Sources */,
				187C5CA32191E23D00985C96 /* TestCollectionController.swift in Sources */,
				187C5CA02191E21400985C96 /* TestListController.swift in Sources */,
				187C5C7D2191CC2200985C96 /* SwiftyIOSTests.swift in Sources */,
				187C5C952191CC5A00985C96 /* Swifty.xcdatamodeld in Sources */,
			);
			runOnlyForDeploymentPostprocessing = 0;
		};
		187C5CAE2191EB2000985C96 /* Sources */ = {
			isa = PBXSourcesBuildPhase;
			buildActionMask = 2147483647;
			files = (
				18CDBA38219DAD2300FB2FCF /* ExampleKeyboardViewController.swift in Sources */,
				181252472191F18B0064222F /* TestCollectionCell.swift in Sources */,
				187C5CC82191EBC700985C96 /* Mocks.swift in Sources */,
				18734A852191EEB30055B2FF /* TestTableCell.swift in Sources */,
				18CDBA39219DB78A00FB2FCF /* InputAccessoryView.swift in Sources */,
				187C5CB52191EB2000985C96 /* AppDelegate.swift in Sources */,
			);
			runOnlyForDeploymentPostprocessing = 0;
		};
/* End PBXSourcesBuildPhase section */

/* Begin PBXTargetDependency section */
		187C5C812191CC2200985C96 /* PBXTargetDependency */ = {
			isa = PBXTargetDependency;
			target = 14A0D3F02180EEF700B20FAE /* SwiftyIOS */;
			targetProxy = 187C5C802191CC2200985C96 /* PBXContainerItemProxy */;
		};
		187C5CCA2191EBD400985C96 /* PBXTargetDependency */ = {
			isa = PBXTargetDependency;
			target = 187C5CB12191EB2000985C96 /* Example */;
			targetProxy = 187C5CC92191EBD400985C96 /* PBXContainerItemProxy */;
		};
/* End PBXTargetDependency section */

/* Begin XCBuildConfiguration section */
		149AEAB91EC5F8CD00F16858 /* Debug */ = {
			isa = XCBuildConfiguration;
			buildSettings = {
				ALWAYS_SEARCH_USER_PATHS = NO;
				CLANG_ANALYZER_NONNULL = YES;
				CLANG_ANALYZER_NUMBER_OBJECT_CONVERSION = YES_AGGRESSIVE;
				CLANG_CXX_LANGUAGE_STANDARD = "gnu++0x";
				CLANG_CXX_LIBRARY = "libc++";
				CLANG_ENABLE_MODULES = YES;
				CLANG_ENABLE_OBJC_ARC = YES;
				CLANG_WARN_BLOCK_CAPTURE_AUTORELEASING = YES;
				CLANG_WARN_BOOL_CONVERSION = YES;
				CLANG_WARN_COMMA = YES;
				CLANG_WARN_CONSTANT_CONVERSION = YES;
				CLANG_WARN_DEPRECATED_OBJC_IMPLEMENTATIONS = YES;
				CLANG_WARN_DIRECT_OBJC_ISA_USAGE = YES_ERROR;
				CLANG_WARN_DOCUMENTATION_COMMENTS = YES;
				CLANG_WARN_EMPTY_BODY = YES;
				CLANG_WARN_ENUM_CONVERSION = YES;
				CLANG_WARN_INFINITE_RECURSION = YES;
				CLANG_WARN_INT_CONVERSION = YES;
				CLANG_WARN_NON_LITERAL_NULL_CONVERSION = YES;
				CLANG_WARN_OBJC_IMPLICIT_RETAIN_SELF = YES;
				CLANG_WARN_OBJC_LITERAL_CONVERSION = YES;
				CLANG_WARN_OBJC_ROOT_CLASS = YES_ERROR;
				CLANG_WARN_RANGE_LOOP_ANALYSIS = YES;
				CLANG_WARN_STRICT_PROTOTYPES = YES;
				CLANG_WARN_SUSPICIOUS_MOVE = YES;
				CLANG_WARN_UNREACHABLE_CODE = YES;
				CLANG_WARN__DUPLICATE_METHOD_MATCH = YES;
				"CODE_SIGN_IDENTITY[sdk=iphoneos*]" = "iPhone Developer";
				COPY_PHASE_STRIP = NO;
				DEBUG_INFORMATION_FORMAT = dwarf;
				ENABLE_STRICT_OBJC_MSGSEND = YES;
				ENABLE_TESTABILITY = YES;
				GCC_C_LANGUAGE_STANDARD = gnu99;
				GCC_DYNAMIC_NO_PIC = NO;
				GCC_NO_COMMON_BLOCKS = YES;
				GCC_OPTIMIZATION_LEVEL = 0;
				GCC_PREPROCESSOR_DEFINITIONS = (
					"DEBUG=1",
					"$(inherited)",
				);
				GCC_WARN_64_TO_32_BIT_CONVERSION = YES;
				GCC_WARN_ABOUT_DEPRECATED_FUNCTIONS = NO;
				GCC_WARN_ABOUT_RETURN_TYPE = YES_ERROR;
				GCC_WARN_UNDECLARED_SELECTOR = YES;
				GCC_WARN_UNINITIALIZED_AUTOS = YES_AGGRESSIVE;
				GCC_WARN_UNUSED_FUNCTION = YES;
				GCC_WARN_UNUSED_VARIABLE = YES;
				IPHONEOS_DEPLOYMENT_TARGET = 10.3;
				MTL_ENABLE_DEBUG_INFO = YES;
				ONLY_ACTIVE_ARCH = YES;
				SDKROOT = iphoneos;
				SWIFT_ACTIVE_COMPILATION_CONDITIONS = DEBUG;
				SWIFT_OPTIMIZATION_LEVEL = "-Onone";
				TARGETED_DEVICE_FAMILY = "1,2";
			};
			name = Debug;
		};
		149AEABA1EC5F8CD00F16858 /* Release */ = {
			isa = XCBuildConfiguration;
			buildSettings = {
				ALWAYS_SEARCH_USER_PATHS = NO;
				CLANG_ANALYZER_NONNULL = YES;
				CLANG_ANALYZER_NUMBER_OBJECT_CONVERSION = YES_AGGRESSIVE;
				CLANG_CXX_LANGUAGE_STANDARD = "gnu++0x";
				CLANG_CXX_LIBRARY = "libc++";
				CLANG_ENABLE_MODULES = YES;
				CLANG_ENABLE_OBJC_ARC = YES;
				CLANG_WARN_BLOCK_CAPTURE_AUTORELEASING = YES;
				CLANG_WARN_BOOL_CONVERSION = YES;
				CLANG_WARN_COMMA = YES;
				CLANG_WARN_CONSTANT_CONVERSION = YES;
				CLANG_WARN_DEPRECATED_OBJC_IMPLEMENTATIONS = YES;
				CLANG_WARN_DIRECT_OBJC_ISA_USAGE = YES_ERROR;
				CLANG_WARN_DOCUMENTATION_COMMENTS = YES;
				CLANG_WARN_EMPTY_BODY = YES;
				CLANG_WARN_ENUM_CONVERSION = YES;
				CLANG_WARN_INFINITE_RECURSION = YES;
				CLANG_WARN_INT_CONVERSION = YES;
				CLANG_WARN_NON_LITERAL_NULL_CONVERSION = YES;
				CLANG_WARN_OBJC_IMPLICIT_RETAIN_SELF = YES;
				CLANG_WARN_OBJC_LITERAL_CONVERSION = YES;
				CLANG_WARN_OBJC_ROOT_CLASS = YES_ERROR;
				CLANG_WARN_RANGE_LOOP_ANALYSIS = YES;
				CLANG_WARN_STRICT_PROTOTYPES = YES;
				CLANG_WARN_SUSPICIOUS_MOVE = YES;
				CLANG_WARN_UNREACHABLE_CODE = YES;
				CLANG_WARN__DUPLICATE_METHOD_MATCH = YES;
				"CODE_SIGN_IDENTITY[sdk=iphoneos*]" = "iPhone Developer";
				COPY_PHASE_STRIP = NO;
				DEBUG_INFORMATION_FORMAT = "dwarf-with-dsym";
				ENABLE_NS_ASSERTIONS = NO;
				ENABLE_STRICT_OBJC_MSGSEND = YES;
				GCC_C_LANGUAGE_STANDARD = gnu99;
				GCC_NO_COMMON_BLOCKS = YES;
				GCC_WARN_64_TO_32_BIT_CONVERSION = YES;
				GCC_WARN_ABOUT_DEPRECATED_FUNCTIONS = NO;
				GCC_WARN_ABOUT_RETURN_TYPE = YES_ERROR;
				GCC_WARN_UNDECLARED_SELECTOR = YES;
				GCC_WARN_UNINITIALIZED_AUTOS = YES_AGGRESSIVE;
				GCC_WARN_UNUSED_FUNCTION = YES;
				GCC_WARN_UNUSED_VARIABLE = YES;
				IPHONEOS_DEPLOYMENT_TARGET = 10.3;
				MTL_ENABLE_DEBUG_INFO = NO;
				SDKROOT = iphoneos;
				SWIFT_OPTIMIZATION_LEVEL = "-Owholemodule";
				TARGETED_DEVICE_FAMILY = "1,2";
				VALIDATE_PRODUCT = YES;
			};
			name = Release;
		};
		14A0D3D22180EA6A00B20FAE /* Debug */ = {
			isa = XCBuildConfiguration;
			buildSettings = {
				CLANG_CXX_LANGUAGE_STANDARD = "gnu++14";
				CLANG_ENABLE_OBJC_WEAK = YES;
				CLANG_WARN_UNGUARDED_AVAILABILITY = YES_AGGRESSIVE;
				CODE_SIGN_IDENTITY = "";
				CODE_SIGN_STYLE = Automatic;
				COMBINE_HIDPI_IMAGES = YES;
				CURRENT_PROJECT_VERSION = 1;
				DEFINES_MODULE = YES;
				DEVELOPMENT_TEAM = WTQFJ264ZG;
				DYLIB_COMPATIBILITY_VERSION = 1;
				DYLIB_CURRENT_VERSION = 1;
				DYLIB_INSTALL_NAME_BASE = "@rpath";
				FRAMEWORK_VERSION = A;
				GCC_C_LANGUAGE_STANDARD = gnu11;
				INFOPLIST_FILE = SwiftyOSX/Info.plist;
				INSTALL_PATH = "$(LOCAL_LIBRARY_DIR)/Frameworks";
				LD_RUNPATH_SEARCH_PATHS = "$(inherited) @executable_path/../Frameworks @loader_path/Frameworks";
				MACOSX_DEPLOYMENT_TARGET = 10.11;
				MTL_ENABLE_DEBUG_INFO = INCLUDE_SOURCE;
				MTL_FAST_MATH = YES;
				PRODUCT_BUNDLE_IDENTIFIER = Swifty.SwiftyOSX;
				PRODUCT_NAME = "$(TARGET_NAME:c99extidentifier)";
				SDKROOT = macosx;
				SKIP_INSTALL = YES;
				SWIFT_VERSION = 4.2;
				VERSIONING_SYSTEM = "apple-generic";
				VERSION_INFO_PREFIX = "";
			};
			name = Debug;
		};
		14A0D3D32180EA6A00B20FAE /* Release */ = {
			isa = XCBuildConfiguration;
			buildSettings = {
				CLANG_CXX_LANGUAGE_STANDARD = "gnu++14";
				CLANG_ENABLE_OBJC_WEAK = YES;
				CLANG_WARN_UNGUARDED_AVAILABILITY = YES_AGGRESSIVE;
				CODE_SIGN_IDENTITY = "";
				CODE_SIGN_STYLE = Automatic;
				COMBINE_HIDPI_IMAGES = YES;
				CURRENT_PROJECT_VERSION = 1;
				DEFINES_MODULE = YES;
				DEVELOPMENT_TEAM = WTQFJ264ZG;
				DYLIB_COMPATIBILITY_VERSION = 1;
				DYLIB_CURRENT_VERSION = 1;
				DYLIB_INSTALL_NAME_BASE = "@rpath";
				FRAMEWORK_VERSION = A;
				GCC_C_LANGUAGE_STANDARD = gnu11;
				INFOPLIST_FILE = SwiftyOSX/Info.plist;
				INSTALL_PATH = "$(LOCAL_LIBRARY_DIR)/Frameworks";
				LD_RUNPATH_SEARCH_PATHS = "$(inherited) @executable_path/../Frameworks @loader_path/Frameworks";
				MACOSX_DEPLOYMENT_TARGET = 10.11;
				MTL_FAST_MATH = YES;
				PRODUCT_BUNDLE_IDENTIFIER = Swifty.SwiftyOSX;
				PRODUCT_NAME = "$(TARGET_NAME:c99extidentifier)";
				SDKROOT = macosx;
				SKIP_INSTALL = YES;
				SWIFT_VERSION = 4.2;
				VERSIONING_SYSTEM = "apple-generic";
				VERSION_INFO_PREFIX = "";
			};
			name = Release;
		};
		14A0D3FB2180EEF800B20FAE /* Debug */ = {
			isa = XCBuildConfiguration;
			buildSettings = {
				CLANG_CXX_LANGUAGE_STANDARD = "gnu++14";
				CLANG_ENABLE_OBJC_WEAK = YES;
				CLANG_WARN_UNGUARDED_AVAILABILITY = YES_AGGRESSIVE;
				CODE_SIGN_IDENTITY = "";
				CODE_SIGN_STYLE = Automatic;
				CURRENT_PROJECT_VERSION = 1;
				DEFINES_MODULE = YES;
				DEVELOPMENT_TEAM = "";
				DYLIB_COMPATIBILITY_VERSION = 1;
				DYLIB_CURRENT_VERSION = 1;
				DYLIB_INSTALL_NAME_BASE = "@rpath";
				GCC_C_LANGUAGE_STANDARD = gnu11;
				INFOPLIST_FILE = SwiftyIOS/Info.plist;
				INSTALL_PATH = "$(LOCAL_LIBRARY_DIR)/Frameworks";
				IPHONEOS_DEPLOYMENT_TARGET = 9.0;
				LD_RUNPATH_SEARCH_PATHS = "$(inherited) @executable_path/Frameworks @loader_path/Frameworks";
				MTL_ENABLE_DEBUG_INFO = INCLUDE_SOURCE;
				MTL_FAST_MATH = YES;
				PRODUCT_BUNDLE_IDENTIFIER = Swifty.SwiftyIOS;
				PRODUCT_NAME = Swifty;
				SKIP_INSTALL = YES;
				SWIFT_VERSION = 4.2;
				TARGETED_DEVICE_FAMILY = "1,2";
				VERSIONING_SYSTEM = "apple-generic";
				VERSION_INFO_PREFIX = "";
			};
			name = Debug;
		};
		14A0D3FC2180EEF800B20FAE /* Release */ = {
			isa = XCBuildConfiguration;
			buildSettings = {
				CLANG_CXX_LANGUAGE_STANDARD = "gnu++14";
				CLANG_ENABLE_OBJC_WEAK = YES;
				CLANG_WARN_UNGUARDED_AVAILABILITY = YES_AGGRESSIVE;
				CODE_SIGN_IDENTITY = "";
				CODE_SIGN_STYLE = Automatic;
				CURRENT_PROJECT_VERSION = 1;
				DEFINES_MODULE = YES;
				DEVELOPMENT_TEAM = "";
				DYLIB_COMPATIBILITY_VERSION = 1;
				DYLIB_CURRENT_VERSION = 1;
				DYLIB_INSTALL_NAME_BASE = "@rpath";
				ENABLE_TESTABILITY = NO;
				GCC_C_LANGUAGE_STANDARD = gnu11;
				INFOPLIST_FILE = SwiftyIOS/Info.plist;
				INSTALL_PATH = "$(LOCAL_LIBRARY_DIR)/Frameworks";
				IPHONEOS_DEPLOYMENT_TARGET = 9.0;
				LD_RUNPATH_SEARCH_PATHS = "$(inherited) @executable_path/Frameworks @loader_path/Frameworks";
				MTL_FAST_MATH = YES;
				PRODUCT_BUNDLE_IDENTIFIER = Swifty.SwiftyIOS;
				PRODUCT_NAME = Swifty;
				SKIP_INSTALL = YES;
				SWIFT_VERSION = 4.2;
				TARGETED_DEVICE_FAMILY = "1,2";
				VERSIONING_SYSTEM = "apple-generic";
				VERSION_INFO_PREFIX = "";
			};
			name = Release;
		};
		187C5C832191CC2200985C96 /* Debug */ = {
			isa = XCBuildConfiguration;
			buildSettings = {
				BUNDLE_LOADER = "$(TEST_HOST)";
				CLANG_CXX_LANGUAGE_STANDARD = "gnu++14";
				CLANG_ENABLE_OBJC_WEAK = YES;
				CLANG_WARN_UNGUARDED_AVAILABILITY = YES_AGGRESSIVE;
				CODE_SIGN_IDENTITY = "iPhone Developer";
				CODE_SIGN_STYLE = Automatic;
				GCC_C_LANGUAGE_STANDARD = gnu11;
				INFOPLIST_FILE = SwiftyIOSTests/Info.plist;
				IPHONEOS_DEPLOYMENT_TARGET = 12.1;
				LD_RUNPATH_SEARCH_PATHS = "$(inherited) @executable_path/Frameworks @loader_path/Frameworks";
				MTL_ENABLE_DEBUG_INFO = INCLUDE_SOURCE;
				MTL_FAST_MATH = YES;
				PRODUCT_BUNDLE_IDENTIFIER = com.mobilestrategy.SwiftyIOSTests;
				PRODUCT_NAME = "$(TARGET_NAME)";
				SWIFT_VERSION = 4.2;
				TARGETED_DEVICE_FAMILY = "1,2";
				TEST_HOST = "$(BUILT_PRODUCTS_DIR)/Example.app/Example";
			};
			name = Debug;
		};
		187C5C842191CC2200985C96 /* Release */ = {
			isa = XCBuildConfiguration;
			buildSettings = {
				BUNDLE_LOADER = "$(TEST_HOST)";
				CLANG_CXX_LANGUAGE_STANDARD = "gnu++14";
				CLANG_ENABLE_OBJC_WEAK = YES;
				CLANG_WARN_UNGUARDED_AVAILABILITY = YES_AGGRESSIVE;
				CODE_SIGN_IDENTITY = "iPhone Developer";
				CODE_SIGN_STYLE = Automatic;
				GCC_C_LANGUAGE_STANDARD = gnu11;
				INFOPLIST_FILE = SwiftyIOSTests/Info.plist;
				IPHONEOS_DEPLOYMENT_TARGET = 12.1;
				LD_RUNPATH_SEARCH_PATHS = "$(inherited) @executable_path/Frameworks @loader_path/Frameworks";
				MTL_FAST_MATH = YES;
				PRODUCT_BUNDLE_IDENTIFIER = com.mobilestrategy.SwiftyIOSTests;
				PRODUCT_NAME = "$(TARGET_NAME)";
				SWIFT_VERSION = 4.2;
				TARGETED_DEVICE_FAMILY = "1,2";
				TEST_HOST = "$(BUILT_PRODUCTS_DIR)/Example.app/Example";
			};
			name = Release;
		};
		187C5CC22191EB2200985C96 /* Debug */ = {
			isa = XCBuildConfiguration;
			buildSettings = {
				ASSETCATALOG_COMPILER_APPICON_NAME = AppIcon;
				CLANG_CXX_LANGUAGE_STANDARD = "gnu++14";
				CLANG_ENABLE_OBJC_WEAK = YES;
				CLANG_WARN_UNGUARDED_AVAILABILITY = YES_AGGRESSIVE;
				CODE_SIGN_IDENTITY = "iPhone Developer";
				CODE_SIGN_STYLE = Manual;
				DEVELOPMENT_TEAM = "";
				GCC_C_LANGUAGE_STANDARD = gnu11;
				INFOPLIST_FILE = Example/Info.plist;
				IPHONEOS_DEPLOYMENT_TARGET = 10;
				LD_RUNPATH_SEARCH_PATHS = "$(inherited) @executable_path/Frameworks";
				MTL_ENABLE_DEBUG_INFO = INCLUDE_SOURCE;
				MTL_FAST_MATH = YES;
				PRODUCT_BUNDLE_IDENTIFIER = com.mobilestrategy.Example;
				PRODUCT_NAME = "$(TARGET_NAME)";
				PROVISIONING_PROFILE_SPECIFIER = "";
				SWIFT_VERSION = 4.2;
				TARGETED_DEVICE_FAMILY = "1,2";
			};
			name = Debug;
		};
		187C5CC32191EB2200985C96 /* Release */ = {
			isa = XCBuildConfiguration;
			buildSettings = {
				ASSETCATALOG_COMPILER_APPICON_NAME = AppIcon;
				CLANG_CXX_LANGUAGE_STANDARD = "gnu++14";
				CLANG_ENABLE_OBJC_WEAK = YES;
				CLANG_WARN_UNGUARDED_AVAILABILITY = YES_AGGRESSIVE;
				CODE_SIGN_IDENTITY = "iPhone Developer";
				CODE_SIGN_STYLE = Manual;
				DEVELOPMENT_TEAM = "";
				GCC_C_LANGUAGE_STANDARD = gnu11;
				INFOPLIST_FILE = Example/Info.plist;
				IPHONEOS_DEPLOYMENT_TARGET = 10;
				LD_RUNPATH_SEARCH_PATHS = "$(inherited) @executable_path/Frameworks";
				MTL_FAST_MATH = YES;
				PRODUCT_BUNDLE_IDENTIFIER = com.mobilestrategy.Example;
				PRODUCT_NAME = "$(TARGET_NAME)";
				PROVISIONING_PROFILE_SPECIFIER = "";
				SWIFT_VERSION = 4.2;
				TARGETED_DEVICE_FAMILY = "1,2";
			};
			name = Release;
		};
/* End XCBuildConfiguration section */

/* Begin XCConfigurationList section */
		149AEAA41EC5F8CD00F16858 /* Build configuration list for PBXProject "Swifty" */ = {
			isa = XCConfigurationList;
			buildConfigurations = (
				149AEAB91EC5F8CD00F16858 /* Debug */,
				149AEABA1EC5F8CD00F16858 /* Release */,
			);
			defaultConfigurationIsVisible = 0;
			defaultConfigurationName = Release;
		};
		14A0D3D12180EA6A00B20FAE /* Build configuration list for PBXNativeTarget "SwiftyOSX" */ = {
			isa = XCConfigurationList;
			buildConfigurations = (
				14A0D3D22180EA6A00B20FAE /* Debug */,
				14A0D3D32180EA6A00B20FAE /* Release */,
			);
			defaultConfigurationIsVisible = 0;
			defaultConfigurationName = Release;
		};
		14A0D3FA2180EEF800B20FAE /* Build configuration list for PBXNativeTarget "SwiftyIOS" */ = {
			isa = XCConfigurationList;
			buildConfigurations = (
				14A0D3FB2180EEF800B20FAE /* Debug */,
				14A0D3FC2180EEF800B20FAE /* Release */,
			);
			defaultConfigurationIsVisible = 0;
			defaultConfigurationName = Release;
		};
		187C5C822191CC2200985C96 /* Build configuration list for PBXNativeTarget "SwiftyIOSTests" */ = {
			isa = XCConfigurationList;
			buildConfigurations = (
				187C5C832191CC2200985C96 /* Debug */,
				187C5C842191CC2200985C96 /* Release */,
			);
			defaultConfigurationIsVisible = 0;
			defaultConfigurationName = Release;
		};
		187C5CC12191EB2200985C96 /* Build configuration list for PBXNativeTarget "Example" */ = {
			isa = XCConfigurationList;
			buildConfigurations = (
				187C5CC22191EB2200985C96 /* Debug */,
				187C5CC32191EB2200985C96 /* Release */,
			);
			defaultConfigurationIsVisible = 0;
			defaultConfigurationName = Release;
		};
/* End XCConfigurationList section */

/* Begin XCVersionGroup section */
		147CEE892072B55400CD6D2D /* Swifty.xcdatamodeld */ = {
			isa = XCVersionGroup;
			children = (
				147CEE8A2072B55400CD6D2D /* Swifty.xcdatamodel */,
			);
			currentVersion = 147CEE8A2072B55400CD6D2D /* Swifty.xcdatamodel */;
			path = Swifty.xcdatamodeld;
			sourceTree = "<group>";
			versionGroupType = wrapper.xcdatamodel;
		};
/* End XCVersionGroup section */
	};
	rootObject = 149AEAA11EC5F8CD00F16858 /* Project object */;
}
