// !$*UTF8*$!
{
	archiveVersion = 1;
	classes = {
	};
	objectVersion = 46;
	objects = {

/* Begin PBXBuildFile section */
		1499DB9D1ECC7BE90080B5AB /* EventsViewController.swift in Sources */ = {isa = PBXBuildFile; fileRef = 1499DB6D1ECC7BE90080B5AB /* EventsViewController.swift */; };
		1499DB9E1ECC7BE90080B5AB /* Router.swift in Sources */ = {isa = PBXBuildFile; fileRef = 1499DB6E1ECC7BE90080B5AB /* Router.swift */; };
		1499DB9F1ECC7BE90080B5AB /* StateController.swift in Sources */ = {isa = PBXBuildFile; fileRef = 1499DB6F1ECC7BE90080B5AB /* StateController.swift */; };
		1499DBA01ECC7BE90080B5AB /* ViewModel.swift in Sources */ = {isa = PBXBuildFile; fileRef = 1499DB701ECC7BE90080B5AB /* ViewModel.swift */; };
		1499DBA11ECC7BE90080B5AB /* ViewType.swift in Sources */ = {isa = PBXBuildFile; fileRef = 1499DB711ECC7BE90080B5AB /* ViewType.swift */; };
		1499DBA21ECC7BE90080B5AB /* Atomic.swift in Sources */ = {isa = PBXBuildFile; fileRef = 1499DB721ECC7BE90080B5AB /* Atomic.swift */; };
		1499DBA31ECC7BE90080B5AB /* CollectionController.swift in Sources */ = {isa = PBXBuildFile; fileRef = 1499DB741ECC7BE90080B5AB /* CollectionController.swift */; };
		1499DBA41ECC7BE90080B5AB /* BatchUpdate.swift in Sources */ = {isa = PBXBuildFile; fileRef = 1499DB761ECC7BE90080B5AB /* BatchUpdate.swift */; };
		1499DBA51ECC7BE90080B5AB /* CellDescriptor.swift in Sources */ = {isa = PBXBuildFile; fileRef = 1499DB771ECC7BE90080B5AB /* CellDescriptor.swift */; };
		1499DBA61ECC7BE90080B5AB /* DataSource.swift in Sources */ = {isa = PBXBuildFile; fileRef = 1499DB781ECC7BE90080B5AB /* DataSource.swift */; };
		1499DBA71ECC7BE90080B5AB /* FRCCollectionController.swift in Sources */ = {isa = PBXBuildFile; fileRef = 1499DB791ECC7BE90080B5AB /* FRCCollectionController.swift */; };
		1499DBA81ECC7BE90080B5AB /* FRCTableController.swift in Sources */ = {isa = PBXBuildFile; fileRef = 1499DB7A1ECC7BE90080B5AB /* FRCTableController.swift */; };
		1499DBA91ECC7BE90080B5AB /* ListController.swift in Sources */ = {isa = PBXBuildFile; fileRef = 1499DB7C1ECC7BE90080B5AB /* ListController.swift */; };
		1499DBAA1ECC7BE90080B5AB /* ListObject.swift in Sources */ = {isa = PBXBuildFile; fileRef = 1499DB7D1ECC7BE90080B5AB /* ListObject.swift */; };
		1499DBAB1ECC7BE90080B5AB /* ListPage.swift in Sources */ = {isa = PBXBuildFile; fileRef = 1499DB7E1ECC7BE90080B5AB /* ListPage.swift */; };
		1499DBAC1ECC7BE90080B5AB /* ListState.swift in Sources */ = {isa = PBXBuildFile; fileRef = 1499DB7F1ECC7BE90080B5AB /* ListState.swift */; };
		1499DBAD1ECC7BE90080B5AB /* ListViewType.swift in Sources */ = {isa = PBXBuildFile; fileRef = 1499DB801ECC7BE90080B5AB /* ListViewType.swift */; };
		1499DBAE1ECC7BE90080B5AB /* TableController.swift in Sources */ = {isa = PBXBuildFile; fileRef = 1499DB811ECC7BE90080B5AB /* TableController.swift */; };
		1499DBAF1ECC7BE90080B5AB /* BatchSizable.swift in Sources */ = {isa = PBXBuildFile; fileRef = 1499DB831ECC7BE90080B5AB /* BatchSizable.swift */; };
		1499DBB01ECC7BE90080B5AB /* Array.swift in Sources */ = {isa = PBXBuildFile; fileRef = 1499DB851ECC7BE90080B5AB /* Array.swift */; };
		1499DBB11ECC7BE90080B5AB /* Dictionary.swift in Sources */ = {isa = PBXBuildFile; fileRef = 1499DB861ECC7BE90080B5AB /* Dictionary.swift */; };
		1499DBB21ECC7BE90080B5AB /* Dispatch.swift in Sources */ = {isa = PBXBuildFile; fileRef = 1499DB871ECC7BE90080B5AB /* Dispatch.swift */; };
		1499DBB31ECC7BE90080B5AB /* Foundation.swift in Sources */ = {isa = PBXBuildFile; fileRef = 1499DB881ECC7BE90080B5AB /* Foundation.swift */; };
		1499DBB41ECC7BE90080B5AB /* String.swift in Sources */ = {isa = PBXBuildFile; fileRef = 1499DB891ECC7BE90080B5AB /* String.swift */; };
		1499DBB51ECC7BE90080B5AB /* Future.swift in Sources */ = {isa = PBXBuildFile; fileRef = 1499DB8B1ECC7BE90080B5AB /* Future.swift */; };
		1499DBB61ECC7BE90080B5AB /* Result.swift in Sources */ = {isa = PBXBuildFile; fileRef = 1499DB8C1ECC7BE90080B5AB /* Result.swift */; };
		1499DBB71ECC7BE90080B5AB /* UIGradientView.swift in Sources */ = {isa = PBXBuildFile; fileRef = 1499DB8E1ECC7BE90080B5AB /* UIGradientView.swift */; };
		1499DBB81ECC7BE90080B5AB /* UIRounded.swift in Sources */ = {isa = PBXBuildFile; fileRef = 1499DB8F1ECC7BE90080B5AB /* UIRounded.swift */; };
		1499DBB91ECC7BE90080B5AB /* Keyboard.swift in Sources */ = {isa = PBXBuildFile; fileRef = 1499DB911ECC7BE90080B5AB /* Keyboard.swift */; };
		1499DBBA1ECC7BE90080B5AB /* NotificationDescriptor.swift in Sources */ = {isa = PBXBuildFile; fileRef = 1499DB921ECC7BE90080B5AB /* NotificationDescriptor.swift */; };
		1499DBBB1ECC7BE90080B5AB /* NotificationToken.swift in Sources */ = {isa = PBXBuildFile; fileRef = 1499DB931ECC7BE90080B5AB /* NotificationToken.swift */; };
		1499DBBC1ECC7BE90080B5AB /* SortDescriptor.swift in Sources */ = {isa = PBXBuildFile; fileRef = 1499DB951ECC7BE90080B5AB /* SortDescriptor.swift */; };
		1499DBBD1ECC7BE90080B5AB /* UIAlertController.swift in Sources */ = {isa = PBXBuildFile; fileRef = 1499DB971ECC7BE90080B5AB /* UIAlertController.swift */; };
		1499DBBE1ECC7BE90080B5AB /* UICollectionView.swift in Sources */ = {isa = PBXBuildFile; fileRef = 1499DB981ECC7BE90080B5AB /* UICollectionView.swift */; };
		1499DBBF1ECC7BE90080B5AB /* UIColor.swift in Sources */ = {isa = PBXBuildFile; fileRef = 1499DB991ECC7BE90080B5AB /* UIColor.swift */; };
		1499DBC01ECC7BE90080B5AB /* UITextField.swift in Sources */ = {isa = PBXBuildFile; fileRef = 1499DB9A1ECC7BE90080B5AB /* UITextField.swift */; };
		1499DBC11ECC7BE90080B5AB /* UIView.swift in Sources */ = {isa = PBXBuildFile; fileRef = 1499DB9B1ECC7BE90080B5AB /* UIView.swift */; };
		1499DBC21ECC7BE90080B5AB /* UIViewController.swift in Sources */ = {isa = PBXBuildFile; fileRef = 1499DB9C1ECC7BE90080B5AB /* UIViewController.swift */; };
		149AEAAD1EC5F8CD00F16858 /* AppDelegate.swift in Sources */ = {isa = PBXBuildFile; fileRef = 149AEAAC1EC5F8CD00F16858 /* AppDelegate.swift */; };
		149AEAB21EC5F8CD00F16858 /* Main.storyboard in Resources */ = {isa = PBXBuildFile; fileRef = 149AEAB01EC5F8CD00F16858 /* Main.storyboard */; };
		149AEAB41EC5F8CD00F16858 /* Assets.xcassets in Resources */ = {isa = PBXBuildFile; fileRef = 149AEAB31EC5F8CD00F16858 /* Assets.xcassets */; };
		149AEAB71EC5F8CD00F16858 /* LaunchScreen.storyboard in Resources */ = {isa = PBXBuildFile; fileRef = 149AEAB51EC5F8CD00F16858 /* LaunchScreen.storyboard */; };
/* End PBXBuildFile section */

/* Begin PBXFileReference section */
		1499DB6D1ECC7BE90080B5AB /* EventsViewController.swift */ = {isa = PBXFileReference; fileEncoding = 4; lastKnownFileType = sourcecode.swift; path = EventsViewController.swift; sourceTree = "<group>"; };
		1499DB6E1ECC7BE90080B5AB /* Router.swift */ = {isa = PBXFileReference; fileEncoding = 4; lastKnownFileType = sourcecode.swift; path = Router.swift; sourceTree = "<group>"; };
		1499DB6F1ECC7BE90080B5AB /* StateController.swift */ = {isa = PBXFileReference; fileEncoding = 4; lastKnownFileType = sourcecode.swift; path = StateController.swift; sourceTree = "<group>"; };
		1499DB701ECC7BE90080B5AB /* ViewModel.swift */ = {isa = PBXFileReference; fileEncoding = 4; lastKnownFileType = sourcecode.swift; path = ViewModel.swift; sourceTree = "<group>"; };
		1499DB711ECC7BE90080B5AB /* ViewType.swift */ = {isa = PBXFileReference; fileEncoding = 4; lastKnownFileType = sourcecode.swift; path = ViewType.swift; sourceTree = "<group>"; };
		1499DB721ECC7BE90080B5AB /* Atomic.swift */ = {isa = PBXFileReference; fileEncoding = 4; lastKnownFileType = sourcecode.swift; path = Atomic.swift; sourceTree = "<group>"; };
		1499DB741ECC7BE90080B5AB /* CollectionController.swift */ = {isa = PBXFileReference; fileEncoding = 4; lastKnownFileType = sourcecode.swift; path = CollectionController.swift; sourceTree = "<group>"; };
		1499DB761ECC7BE90080B5AB /* BatchUpdate.swift */ = {isa = PBXFileReference; fileEncoding = 4; lastKnownFileType = sourcecode.swift; path = BatchUpdate.swift; sourceTree = "<group>"; };
		1499DB771ECC7BE90080B5AB /* CellDescriptor.swift */ = {isa = PBXFileReference; fileEncoding = 4; lastKnownFileType = sourcecode.swift; path = CellDescriptor.swift; sourceTree = "<group>"; };
		1499DB781ECC7BE90080B5AB /* DataSource.swift */ = {isa = PBXFileReference; fileEncoding = 4; lastKnownFileType = sourcecode.swift; path = DataSource.swift; sourceTree = "<group>"; };
		1499DB791ECC7BE90080B5AB /* FRCCollectionController.swift */ = {isa = PBXFileReference; fileEncoding = 4; lastKnownFileType = sourcecode.swift; path = FRCCollectionController.swift; sourceTree = "<group>"; };
		1499DB7A1ECC7BE90080B5AB /* FRCTableController.swift */ = {isa = PBXFileReference; fileEncoding = 4; lastKnownFileType = sourcecode.swift; path = FRCTableController.swift; sourceTree = "<group>"; };
		1499DB7C1ECC7BE90080B5AB /* ListController.swift */ = {isa = PBXFileReference; fileEncoding = 4; lastKnownFileType = sourcecode.swift; path = ListController.swift; sourceTree = "<group>"; };
		1499DB7D1ECC7BE90080B5AB /* ListObject.swift */ = {isa = PBXFileReference; fileEncoding = 4; lastKnownFileType = sourcecode.swift; path = ListObject.swift; sourceTree = "<group>"; };
		1499DB7E1ECC7BE90080B5AB /* ListPage.swift */ = {isa = PBXFileReference; fileEncoding = 4; lastKnownFileType = sourcecode.swift; path = ListPage.swift; sourceTree = "<group>"; };
		1499DB7F1ECC7BE90080B5AB /* ListState.swift */ = {isa = PBXFileReference; fileEncoding = 4; lastKnownFileType = sourcecode.swift; path = ListState.swift; sourceTree = "<group>"; };
		1499DB801ECC7BE90080B5AB /* ListViewType.swift */ = {isa = PBXFileReference; fileEncoding = 4; lastKnownFileType = sourcecode.swift; path = ListViewType.swift; sourceTree = "<group>"; };
		1499DB811ECC7BE90080B5AB /* TableController.swift */ = {isa = PBXFileReference; fileEncoding = 4; lastKnownFileType = sourcecode.swift; path = TableController.swift; sourceTree = "<group>"; };
		1499DB831ECC7BE90080B5AB /* BatchSizable.swift */ = {isa = PBXFileReference; fileEncoding = 4; lastKnownFileType = sourcecode.swift; path = BatchSizable.swift; sourceTree = "<group>"; };
		1499DB851ECC7BE90080B5AB /* Array.swift */ = {isa = PBXFileReference; fileEncoding = 4; lastKnownFileType = sourcecode.swift; path = Array.swift; sourceTree = "<group>"; };
		1499DB861ECC7BE90080B5AB /* Dictionary.swift */ = {isa = PBXFileReference; fileEncoding = 4; lastKnownFileType = sourcecode.swift; path = Dictionary.swift; sourceTree = "<group>"; };
		1499DB871ECC7BE90080B5AB /* Dispatch.swift */ = {isa = PBXFileReference; fileEncoding = 4; lastKnownFileType = sourcecode.swift; path = Dispatch.swift; sourceTree = "<group>"; };
		1499DB881ECC7BE90080B5AB /* Foundation.swift */ = {isa = PBXFileReference; fileEncoding = 4; lastKnownFileType = sourcecode.swift; path = Foundation.swift; sourceTree = "<group>"; };
		1499DB891ECC7BE90080B5AB /* String.swift */ = {isa = PBXFileReference; fileEncoding = 4; lastKnownFileType = sourcecode.swift; path = String.swift; sourceTree = "<group>"; };
		1499DB8B1ECC7BE90080B5AB /* Future.swift */ = {isa = PBXFileReference; fileEncoding = 4; lastKnownFileType = sourcecode.swift; path = Future.swift; sourceTree = "<group>"; };
		1499DB8C1ECC7BE90080B5AB /* Result.swift */ = {isa = PBXFileReference; fileEncoding = 4; lastKnownFileType = sourcecode.swift; path = Result.swift; sourceTree = "<group>"; };
		1499DB8E1ECC7BE90080B5AB /* UIGradientView.swift */ = {isa = PBXFileReference; fileEncoding = 4; lastKnownFileType = sourcecode.swift; path = UIGradientView.swift; sourceTree = "<group>"; };
		1499DB8F1ECC7BE90080B5AB /* UIRounded.swift */ = {isa = PBXFileReference; fileEncoding = 4; lastKnownFileType = sourcecode.swift; path = UIRounded.swift; sourceTree = "<group>"; };
		1499DB911ECC7BE90080B5AB /* Keyboard.swift */ = {isa = PBXFileReference; fileEncoding = 4; lastKnownFileType = sourcecode.swift; path = Keyboard.swift; sourceTree = "<group>"; };
		1499DB921ECC7BE90080B5AB /* NotificationDescriptor.swift */ = {isa = PBXFileReference; fileEncoding = 4; lastKnownFileType = sourcecode.swift; path = NotificationDescriptor.swift; sourceTree = "<group>"; };
		1499DB931ECC7BE90080B5AB /* NotificationToken.swift */ = {isa = PBXFileReference; fileEncoding = 4; lastKnownFileType = sourcecode.swift; path = NotificationToken.swift; sourceTree = "<group>"; };
		1499DB951ECC7BE90080B5AB /* SortDescriptor.swift */ = {isa = PBXFileReference; fileEncoding = 4; lastKnownFileType = sourcecode.swift; path = SortDescriptor.swift; sourceTree = "<group>"; };
		1499DB971ECC7BE90080B5AB /* UIAlertController.swift */ = {isa = PBXFileReference; fileEncoding = 4; lastKnownFileType = sourcecode.swift; path = UIAlertController.swift; sourceTree = "<group>"; };
		1499DB981ECC7BE90080B5AB /* UICollectionView.swift */ = {isa = PBXFileReference; fileEncoding = 4; lastKnownFileType = sourcecode.swift; path = UICollectionView.swift; sourceTree = "<group>"; };
		1499DB991ECC7BE90080B5AB /* UIColor.swift */ = {isa = PBXFileReference; fileEncoding = 4; lastKnownFileType = sourcecode.swift; path = UIColor.swift; sourceTree = "<group>"; };
		1499DB9A1ECC7BE90080B5AB /* UITextField.swift */ = {isa = PBXFileReference; fileEncoding = 4; lastKnownFileType = sourcecode.swift; path = UITextField.swift; sourceTree = "<group>"; };
		1499DB9B1ECC7BE90080B5AB /* UIView.swift */ = {isa = PBXFileReference; fileEncoding = 4; lastKnownFileType = sourcecode.swift; path = UIView.swift; sourceTree = "<group>"; };
		1499DB9C1ECC7BE90080B5AB /* UIViewController.swift */ = {isa = PBXFileReference; fileEncoding = 4; lastKnownFileType = sourcecode.swift; path = UIViewController.swift; sourceTree = "<group>"; };
		149AEAA91EC5F8CD00F16858 /* Swifty.app */ = {isa = PBXFileReference; explicitFileType = wrapper.application; includeInIndex = 0; path = Swifty.app; sourceTree = BUILT_PRODUCTS_DIR; };
		149AEAAC1EC5F8CD00F16858 /* AppDelegate.swift */ = {isa = PBXFileReference; lastKnownFileType = sourcecode.swift; path = AppDelegate.swift; sourceTree = "<group>"; };
		149AEAB11EC5F8CD00F16858 /* Base */ = {isa = PBXFileReference; lastKnownFileType = file.storyboard; name = Base; path = Base.lproj/Main.storyboard; sourceTree = "<group>"; };
		149AEAB31EC5F8CD00F16858 /* Assets.xcassets */ = {isa = PBXFileReference; lastKnownFileType = folder.assetcatalog; path = Assets.xcassets; sourceTree = "<group>"; };
		149AEAB61EC5F8CD00F16858 /* Base */ = {isa = PBXFileReference; lastKnownFileType = file.storyboard; name = Base; path = Base.lproj/LaunchScreen.storyboard; sourceTree = "<group>"; };
		149AEAB81EC5F8CD00F16858 /* Info.plist */ = {isa = PBXFileReference; lastKnownFileType = text.plist.xml; path = Info.plist; sourceTree = "<group>"; };
/* End PBXFileReference section */

/* Begin PBXFrameworksBuildPhase section */
		149AEAA61EC5F8CD00F16858 /* Frameworks */ = {
			isa = PBXFrameworksBuildPhase;
			buildActionMask = 2147483647;
			files = (
			);
			runOnlyForDeploymentPostprocessing = 0;
		};
/* End PBXFrameworksBuildPhase section */

/* Begin PBXGroup section */
		1499DB6A1ECC7BE90080B5AB /* Source */ = {
			isa = PBXGroup;
			children = (
				1499DB6B1ECC7BE90080B5AB /* Architecture */,
				1499DB721ECC7BE90080B5AB /* Atomic.swift */,
				1499DB731ECC7BE90080B5AB /* CollectionControllers */,
				1499DB821ECC7BE90080B5AB /* CoreData */,
				1499DB841ECC7BE90080B5AB /* Foundation */,
				1499DB8A1ECC7BE90080B5AB /* Future */,
				1499DB8D1ECC7BE90080B5AB /* IBDesignable */,
				1499DB901ECC7BE90080B5AB /* Notifications */,
				1499DB941ECC7BE90080B5AB /* SortDescriptors */,
				1499DB961ECC7BE90080B5AB /* UIKit */,
			);
			name = Source;
			path = ../../Source;
			sourceTree = "<group>";
		};
		1499DB6B1ECC7BE90080B5AB /* Architecture */ = {
			isa = PBXGroup;
			children = (
				1499DB6C1ECC7BE90080B5AB /* Router */,
				1499DB6F1ECC7BE90080B5AB /* StateController.swift */,
				1499DB701ECC7BE90080B5AB /* ViewModel.swift */,
				1499DB711ECC7BE90080B5AB /* ViewType.swift */,
			);
			path = Architecture;
			sourceTree = "<group>";
		};
		1499DB6C1ECC7BE90080B5AB /* Router */ = {
			isa = PBXGroup;
			children = (
				1499DB6D1ECC7BE90080B5AB /* EventsViewController.swift */,
				1499DB6E1ECC7BE90080B5AB /* Router.swift */,
			);
			path = Router;
			sourceTree = "<group>";
		};
		1499DB731ECC7BE90080B5AB /* CollectionControllers */ = {
			isa = PBXGroup;
			children = (
				1499DB741ECC7BE90080B5AB /* CollectionController.swift */,
				1499DB751ECC7BE90080B5AB /* Entities */,
				1499DB791ECC7BE90080B5AB /* FRCCollectionController.swift */,
				1499DB7A1ECC7BE90080B5AB /* FRCTableController.swift */,
				1499DB7B1ECC7BE90080B5AB /* List */,
				1499DB811ECC7BE90080B5AB /* TableController.swift */,
			);
			path = CollectionControllers;
			sourceTree = "<group>";
		};
		1499DB751ECC7BE90080B5AB /* Entities */ = {
			isa = PBXGroup;
			children = (
				1499DB761ECC7BE90080B5AB /* BatchUpdate.swift */,
				1499DB771ECC7BE90080B5AB /* CellDescriptor.swift */,
				1499DB781ECC7BE90080B5AB /* DataSource.swift */,
			);
			path = Entities;
			sourceTree = "<group>";
		};
		1499DB7B1ECC7BE90080B5AB /* List */ = {
			isa = PBXGroup;
			children = (
				1499DB7C1ECC7BE90080B5AB /* ListController.swift */,
				1499DB7D1ECC7BE90080B5AB /* ListObject.swift */,
				1499DB7E1ECC7BE90080B5AB /* ListPage.swift */,
				1499DB7F1ECC7BE90080B5AB /* ListState.swift */,
				1499DB801ECC7BE90080B5AB /* ListViewType.swift */,
			);
			path = List;
			sourceTree = "<group>";
		};
		1499DB821ECC7BE90080B5AB /* CoreData */ = {
			isa = PBXGroup;
			children = (
				1499DB831ECC7BE90080B5AB /* BatchSizable.swift */,
			);
			path = CoreData;
			sourceTree = "<group>";
		};
		1499DB841ECC7BE90080B5AB /* Foundation */ = {
			isa = PBXGroup;
			children = (
				1499DB851ECC7BE90080B5AB /* Array.swift */,
				1499DB861ECC7BE90080B5AB /* Dictionary.swift */,
				1499DB871ECC7BE90080B5AB /* Dispatch.swift */,
				1499DB881ECC7BE90080B5AB /* Foundation.swift */,
				1499DB891ECC7BE90080B5AB /* String.swift */,
			);
			path = Foundation;
			sourceTree = "<group>";
		};
		1499DB8A1ECC7BE90080B5AB /* Future */ = {
			isa = PBXGroup;
			children = (
				1499DB8B1ECC7BE90080B5AB /* Future.swift */,
				1499DB8C1ECC7BE90080B5AB /* Result.swift */,
			);
			path = Future;
			sourceTree = "<group>";
		};
		1499DB8D1ECC7BE90080B5AB /* IBDesignable */ = {
			isa = PBXGroup;
			children = (
				1499DB8E1ECC7BE90080B5AB /* UIGradientView.swift */,
				1499DB8F1ECC7BE90080B5AB /* UIRounded.swift */,
			);
			path = IBDesignable;
			sourceTree = "<group>";
		};
		1499DB901ECC7BE90080B5AB /* Notifications */ = {
			isa = PBXGroup;
			children = (
				1499DB911ECC7BE90080B5AB /* Keyboard.swift */,
				1499DB921ECC7BE90080B5AB /* NotificationDescriptor.swift */,
				1499DB931ECC7BE90080B5AB /* NotificationToken.swift */,
			);
			path = Notifications;
			sourceTree = "<group>";
		};
		1499DB941ECC7BE90080B5AB /* SortDescriptors */ = {
			isa = PBXGroup;
			children = (
				1499DB951ECC7BE90080B5AB /* SortDescriptor.swift */,
			);
			path = SortDescriptors;
			sourceTree = "<group>";
		};
		1499DB961ECC7BE90080B5AB /* UIKit */ = {
			isa = PBXGroup;
			children = (
				1499DB971ECC7BE90080B5AB /* UIAlertController.swift */,
				1499DB981ECC7BE90080B5AB /* UICollectionView.swift */,
				1499DB991ECC7BE90080B5AB /* UIColor.swift */,
				1499DB9A1ECC7BE90080B5AB /* UITextField.swift */,
				1499DB9B1ECC7BE90080B5AB /* UIView.swift */,
				1499DB9C1ECC7BE90080B5AB /* UIViewController.swift */,
			);
			path = UIKit;
			sourceTree = "<group>";
		};
		149AEAA01EC5F8CD00F16858 = {
			isa = PBXGroup;
			children = (
				149AEAAB1EC5F8CD00F16858 /* Swifty */,
				149AEAAA1EC5F8CD00F16858 /* Products */,
			);
			sourceTree = "<group>";
		};
		149AEAAA1EC5F8CD00F16858 /* Products */ = {
			isa = PBXGroup;
			children = (
				149AEAA91EC5F8CD00F16858 /* Swifty.app */,
			);
			name = Products;
			sourceTree = "<group>";
		};
		149AEAAB1EC5F8CD00F16858 /* Swifty */ = {
			isa = PBXGroup;
			children = (
				149AEAAC1EC5F8CD00F16858 /* AppDelegate.swift */,
				149AEAB01EC5F8CD00F16858 /* Main.storyboard */,
				149AEAB51EC5F8CD00F16858 /* LaunchScreen.storyboard */,
				1499DB6A1ECC7BE90080B5AB /* Source */,
				149AEAB31EC5F8CD00F16858 /* Assets.xcassets */,
				149AEAB81EC5F8CD00F16858 /* Info.plist */,
			);
			path = Swifty;
			sourceTree = "<group>";
		};
/* End PBXGroup section */

/* Begin PBXNativeTarget section */
		149AEAA81EC5F8CD00F16858 /* Swifty */ = {
			isa = PBXNativeTarget;
			buildConfigurationList = 149AEABB1EC5F8CD00F16858 /* Build configuration list for PBXNativeTarget "Swifty" */;
			buildPhases = (
				149AEAA51EC5F8CD00F16858 /* Sources */,
				149AEAA61EC5F8CD00F16858 /* Frameworks */,
				149AEAA71EC5F8CD00F16858 /* Resources */,
			);
			buildRules = (
			);
			dependencies = (
			);
			name = Swifty;
			productName = Swifty;
			productReference = 149AEAA91EC5F8CD00F16858 /* Swifty.app */;
			productType = "com.apple.product-type.application";
		};
/* End PBXNativeTarget section */

/* Begin PBXProject section */
		149AEAA11EC5F8CD00F16858 /* Project object */ = {
			isa = PBXProject;
			attributes = {
				LastSwiftUpdateCheck = 0830;
				LastUpgradeCheck = 0830;
				ORGANIZATIONNAME = "Vadym Pavlov";
				TargetAttributes = {
					149AEAA81EC5F8CD00F16858 = {
						CreatedOnToolsVersion = 8.3.2;
						DevelopmentTeam = WTQFJ264ZG;
						ProvisioningStyle = Automatic;
					};
				};
			};
			buildConfigurationList = 149AEAA41EC5F8CD00F16858 /* Build configuration list for PBXProject "Swifty" */;
			compatibilityVersion = "Xcode 3.2";
			developmentRegion = English;
			hasScannedForEncodings = 0;
			knownRegions = (
				en,
				Base,
			);
			mainGroup = 149AEAA01EC5F8CD00F16858;
			productRefGroup = 149AEAAA1EC5F8CD00F16858 /* Products */;
			projectDirPath = "";
			projectRoot = "";
			targets = (
				149AEAA81EC5F8CD00F16858 /* Swifty */,
			);
		};
/* End PBXProject section */

/* Begin PBXResourcesBuildPhase section */
		149AEAA71EC5F8CD00F16858 /* Resources */ = {
			isa = PBXResourcesBuildPhase;
			buildActionMask = 2147483647;
			files = (
				149AEAB71EC5F8CD00F16858 /* LaunchScreen.storyboard in Resources */,
				149AEAB41EC5F8CD00F16858 /* Assets.xcassets in Resources */,
				149AEAB21EC5F8CD00F16858 /* Main.storyboard in Resources */,
			);
			runOnlyForDeploymentPostprocessing = 0;
		};
/* End PBXResourcesBuildPhase section */

/* Begin PBXSourcesBuildPhase section */
		149AEAA51EC5F8CD00F16858 /* Sources */ = {
			isa = PBXSourcesBuildPhase;
			buildActionMask = 2147483647;
			files = (
				1499DBB61ECC7BE90080B5AB /* Result.swift in Sources */,
				1499DBA51ECC7BE90080B5AB /* CellDescriptor.swift in Sources */,
				1499DBAE1ECC7BE90080B5AB /* TableController.swift in Sources */,
				1499DBA81ECC7BE90080B5AB /* FRCTableController.swift in Sources */,
				1499DBAB1ECC7BE90080B5AB /* ListPage.swift in Sources */,
				1499DBAC1ECC7BE90080B5AB /* ListState.swift in Sources */,
				1499DBA11ECC7BE90080B5AB /* ViewType.swift in Sources */,
				1499DBA01ECC7BE90080B5AB /* ViewModel.swift in Sources */,
				1499DBBA1ECC7BE90080B5AB /* NotificationDescriptor.swift in Sources */,
				149AEAAD1EC5F8CD00F16858 /* AppDelegate.swift in Sources */,
				1499DB9F1ECC7BE90080B5AB /* StateController.swift in Sources */,
				1499DBBC1ECC7BE90080B5AB /* SortDescriptor.swift in Sources */,
				1499DBB01ECC7BE90080B5AB /* Array.swift in Sources */,
				1499DBBF1ECC7BE90080B5AB /* UIColor.swift in Sources */,
				1499DB9E1ECC7BE90080B5AB /* Router.swift in Sources */,
				1499DBA41ECC7BE90080B5AB /* BatchUpdate.swift in Sources */,
				1499DBAD1ECC7BE90080B5AB /* ListViewType.swift in Sources */,
				1499DBBD1ECC7BE90080B5AB /* UIAlertController.swift in Sources */,
				1499DBB21ECC7BE90080B5AB /* Dispatch.swift in Sources */,
				1499DBB51ECC7BE90080B5AB /* Future.swift in Sources */,
				1499DBC21ECC7BE90080B5AB /* UIViewController.swift in Sources */,
				1499DBAA1ECC7BE90080B5AB /* ListObject.swift in Sources */,
				1499DBA31ECC7BE90080B5AB /* CollectionController.swift in Sources */,
				1499DBB11ECC7BE90080B5AB /* Dictionary.swift in Sources */,
				1499DBB41ECC7BE90080B5AB /* String.swift in Sources */,
				1499DBA21ECC7BE90080B5AB /* Atomic.swift in Sources */,
				1499DBB31ECC7BE90080B5AB /* Foundation.swift in Sources */,
				1499DBC01ECC7BE90080B5AB /* UITextField.swift in Sources */,
				1499DBB91ECC7BE90080B5AB /* Keyboard.swift in Sources */,
				1499DBB71ECC7BE90080B5AB /* UIGradientView.swift in Sources */,
				1499DBA61ECC7BE90080B5AB /* DataSource.swift in Sources */,
				1499DBBB1ECC7BE90080B5AB /* NotificationToken.swift in Sources */,
				1499DB9D1ECC7BE90080B5AB /* EventsViewController.swift in Sources */,
				1499DBC11ECC7BE90080B5AB /* UIView.swift in Sources */,
				1499DBBE1ECC7BE90080B5AB /* UICollectionView.swift in Sources */,
				1499DBAF1ECC7BE90080B5AB /* BatchSizable.swift in Sources */,
				1499DBA71ECC7BE90080B5AB /* FRCCollectionController.swift in Sources */,
				1499DBA91ECC7BE90080B5AB /* ListController.swift in Sources */,
				1499DBB81ECC7BE90080B5AB /* UIRounded.swift in Sources */,
			);
			runOnlyForDeploymentPostprocessing = 0;
		};
/* End PBXSourcesBuildPhase section */

/* Begin PBXVariantGroup section */
		149AEAB01EC5F8CD00F16858 /* Main.storyboard */ = {
			isa = PBXVariantGroup;
			children = (
				149AEAB11EC5F8CD00F16858 /* Base */,
			);
			name = Main.storyboard;
			sourceTree = "<group>";
		};
		149AEAB51EC5F8CD00F16858 /* LaunchScreen.storyboard */ = {
			isa = PBXVariantGroup;
			children = (
				149AEAB61EC5F8CD00F16858 /* Base */,
			);
			name = LaunchScreen.storyboard;
			sourceTree = "<group>";
		};
/* End PBXVariantGroup section */

/* Begin XCBuildConfiguration section */
		149AEAB91EC5F8CD00F16858 /* Debug */ = {
			isa = XCBuildConfiguration;
			buildSettings = {
				ALWAYS_SEARCH_USER_PATHS = NO;
				CLANG_ANALYZER_NONNULL = YES;
				CLANG_ANALYZER_NUMBER_OBJECT_CONVERSION = YES_AGGRESSIVE;
				CLANG_CXX_LANGUAGE_STANDARD = "gnu++0x";
				CLANG_CXX_LIBRARY = "libc++";
				CLANG_ENABLE_MODULES = YES;
				CLANG_ENABLE_OBJC_ARC = YES;
				CLANG_WARN_BOOL_CONVERSION = YES;
				CLANG_WARN_CONSTANT_CONVERSION = YES;
				CLANG_WARN_DIRECT_OBJC_ISA_USAGE = YES_ERROR;
				CLANG_WARN_DOCUMENTATION_COMMENTS = YES;
				CLANG_WARN_EMPTY_BODY = YES;
				CLANG_WARN_ENUM_CONVERSION = YES;
				CLANG_WARN_INFINITE_RECURSION = YES;
				CLANG_WARN_INT_CONVERSION = YES;
				CLANG_WARN_OBJC_ROOT_CLASS = YES_ERROR;
				CLANG_WARN_SUSPICIOUS_MOVE = YES;
				CLANG_WARN_UNREACHABLE_CODE = YES;
				CLANG_WARN__DUPLICATE_METHOD_MATCH = YES;
				"CODE_SIGN_IDENTITY[sdk=iphoneos*]" = "iPhone Developer";
				COPY_PHASE_STRIP = NO;
				DEBUG_INFORMATION_FORMAT = dwarf;
				ENABLE_STRICT_OBJC_MSGSEND = YES;
				ENABLE_TESTABILITY = YES;
				GCC_C_LANGUAGE_STANDARD = gnu99;
				GCC_DYNAMIC_NO_PIC = NO;
				GCC_NO_COMMON_BLOCKS = YES;
				GCC_OPTIMIZATION_LEVEL = 0;
				GCC_PREPROCESSOR_DEFINITIONS = (
					"DEBUG=1",
					"$(inherited)",
				);
				GCC_WARN_64_TO_32_BIT_CONVERSION = YES;
				GCC_WARN_ABOUT_RETURN_TYPE = YES_ERROR;
				GCC_WARN_UNDECLARED_SELECTOR = YES;
				GCC_WARN_UNINITIALIZED_AUTOS = YES_AGGRESSIVE;
				GCC_WARN_UNUSED_FUNCTION = YES;
				GCC_WARN_UNUSED_VARIABLE = YES;
				IPHONEOS_DEPLOYMENT_TARGET = 10.3;
				MTL_ENABLE_DEBUG_INFO = YES;
				ONLY_ACTIVE_ARCH = YES;
				SDKROOT = iphoneos;
				SWIFT_ACTIVE_COMPILATION_CONDITIONS = DEBUG;
				SWIFT_OPTIMIZATION_LEVEL = "-Onone";
				TARGETED_DEVICE_FAMILY = "1,2";
			};
			name = Debug;
		};
		149AEABA1EC5F8CD00F16858 /* Release */ = {
			isa = XCBuildConfiguration;
			buildSettings = {
				ALWAYS_SEARCH_USER_PATHS = NO;
				CLANG_ANALYZER_NONNULL = YES;
				CLANG_ANALYZER_NUMBER_OBJECT_CONVERSION = YES_AGGRESSIVE;
				CLANG_CXX_LANGUAGE_STANDARD = "gnu++0x";
				CLANG_CXX_LIBRARY = "libc++";
				CLANG_ENABLE_MODULES = YES;
				CLANG_ENABLE_OBJC_ARC = YES;
				CLANG_WARN_BOOL_CONVERSION = YES;
				CLANG_WARN_CONSTANT_CONVERSION = YES;
				CLANG_WARN_DIRECT_OBJC_ISA_USAGE = YES_ERROR;
				CLANG_WARN_DOCUMENTATION_COMMENTS = YES;
				CLANG_WARN_EMPTY_BODY = YES;
				CLANG_WARN_ENUM_CONVERSION = YES;
				CLANG_WARN_INFINITE_RECURSION = YES;
				CLANG_WARN_INT_CONVERSION = YES;
				CLANG_WARN_OBJC_ROOT_CLASS = YES_ERROR;
				CLANG_WARN_SUSPICIOUS_MOVE = YES;
				CLANG_WARN_UNREACHABLE_CODE = YES;
				CLANG_WARN__DUPLICATE_METHOD_MATCH = YES;
				"CODE_SIGN_IDENTITY[sdk=iphoneos*]" = "iPhone Developer";
				COPY_PHASE_STRIP = NO;
				DEBUG_INFORMATION_FORMAT = "dwarf-with-dsym";
				ENABLE_NS_ASSERTIONS = NO;
				ENABLE_STRICT_OBJC_MSGSEND = YES;
				GCC_C_LANGUAGE_STANDARD = gnu99;
				GCC_NO_COMMON_BLOCKS = YES;
				GCC_WARN_64_TO_32_BIT_CONVERSION = YES;
				GCC_WARN_ABOUT_RETURN_TYPE = YES_ERROR;
				GCC_WARN_UNDECLARED_SELECTOR = YES;
				GCC_WARN_UNINITIALIZED_AUTOS = YES_AGGRESSIVE;
				GCC_WARN_UNUSED_FUNCTION = YES;
				GCC_WARN_UNUSED_VARIABLE = YES;
				IPHONEOS_DEPLOYMENT_TARGET = 10.3;
				MTL_ENABLE_DEBUG_INFO = NO;
				SDKROOT = iphoneos;
				SWIFT_OPTIMIZATION_LEVEL = "-Owholemodule";
				TARGETED_DEVICE_FAMILY = "1,2";
				VALIDATE_PRODUCT = YES;
			};
			name = Release;
		};
		149AEABC1EC5F8CD00F16858 /* Debug */ = {
			isa = XCBuildConfiguration;
			buildSettings = {
				ASSETCATALOG_COMPILER_APPICON_NAME = AppIcon;
				DEVELOPMENT_TEAM = WTQFJ264ZG;
				INFOPLIST_FILE = Swifty/Info.plist;
				LD_RUNPATH_SEARCH_PATHS = "$(inherited) @executable_path/Frameworks";
				PRODUCT_BUNDLE_IDENTIFIER = Swifty.Swifty;
				PRODUCT_NAME = "$(TARGET_NAME)";
				SWIFT_VERSION = 3.0;
			};
			name = Debug;
		};
		149AEABD1EC5F8CD00F16858 /* Release */ = {
			isa = XCBuildConfiguration;
			buildSettings = {
				ASSETCATALOG_COMPILER_APPICON_NAME = AppIcon;
				DEVELOPMENT_TEAM = WTQFJ264ZG;
				INFOPLIST_FILE = Swifty/Info.plist;
				LD_RUNPATH_SEARCH_PATHS = "$(inherited) @executable_path/Frameworks";
				PRODUCT_BUNDLE_IDENTIFIER = Swifty.Swifty;
				PRODUCT_NAME = "$(TARGET_NAME)";
				SWIFT_VERSION = 3.0;
			};
			name = Release;
		};
/* End XCBuildConfiguration section */

/* Begin XCConfigurationList section */
		149AEAA41EC5F8CD00F16858 /* Build configuration list for PBXProject "Swifty" */ = {
			isa = XCConfigurationList;
			buildConfigurations = (
				149AEAB91EC5F8CD00F16858 /* Debug */,
				149AEABA1EC5F8CD00F16858 /* Release */,
			);
			defaultConfigurationIsVisible = 0;
			defaultConfigurationName = Release;
		};
		149AEABB1EC5F8CD00F16858 /* Build configuration list for PBXNativeTarget "Swifty" */ = {
			isa = XCConfigurationList;
			buildConfigurations = (
				149AEABC1EC5F8CD00F16858 /* Debug */,
				149AEABD1EC5F8CD00F16858 /* Release */,
			);
			defaultConfigurationIsVisible = 0;
			defaultConfigurationName = Release;
		};
/* End XCConfigurationList section */
	};
	rootObject = 149AEAA11EC5F8CD00F16858 /* Project object */;
}
